// !$*UTF8*$!
{
	archiveVersion = 1;
	classes = {
	};
	objectVersion = 55;
	objects = {

/* Begin PBXBuildFile section */
		18E3AFB9277389BA00A476E5 /* ProductListView.swift in Sources */ = {isa = PBXBuildFile; fileRef = 18E3AFB8277389BA00A476E5 /* ProductListView.swift */; };
		18E3AFBB277389C800A476E5 /* CategoryListView.swift in Sources */ = {isa = PBXBuildFile; fileRef = 18E3AFBA277389C800A476E5 /* CategoryListView.swift */; };
		18E3AFC02773994400A476E5 /* AddCategoryView.swift in Sources */ = {isa = PBXBuildFile; fileRef = 18E3AFBF2773994400A476E5 /* AddCategoryView.swift */; };
		18E3AFC22773A01000A476E5 /* OvalTextFieldStyle.swift in Sources */ = {isa = PBXBuildFile; fileRef = 18E3AFC12773A01000A476E5 /* OvalTextFieldStyle.swift */; };
		4E07267C27182C8400806F54 /* LoginView.swift in Sources */ = {isa = PBXBuildFile; fileRef = 4E07267B27182C8400806F54 /* LoginView.swift */; };
		4E07267E27182D7B00806F54 /* LoginViewModel.swift in Sources */ = {isa = PBXBuildFile; fileRef = 4E07267D27182D7B00806F54 /* LoginViewModel.swift */; };
		4E0A00612764AC68002B0A70 /* PaymentViewModel.swift in Sources */ = {isa = PBXBuildFile; fileRef = 4E0A00602764AC68002B0A70 /* PaymentViewModel.swift */; };
		4E0C8210272D9FB40049B8C8 /* Category.swift in Sources */ = {isa = PBXBuildFile; fileRef = 4E0C820F272D9FB40049B8C8 /* Category.swift */; };
		4E0C8213272DA0DB0049B8C8 /* SDWebImageSwiftUI in Frameworks */ = {isa = PBXBuildFile; productRef = 4E0C8212272DA0DB0049B8C8 /* SDWebImageSwiftUI */; };
		4E0DEE29276F8FB000A953DE /* OrderReview.swift in Sources */ = {isa = PBXBuildFile; fileRef = 4E0DEE28276F8FB000A953DE /* OrderReview.swift */; };
		4E0DEE2B276F967B00A953DE /* GiveOrderReviewView.swift in Sources */ = {isa = PBXBuildFile; fileRef = 4E0DEE2A276F967B00A953DE /* GiveOrderReviewView.swift */; };
		4E0DEE2D276F9F6000A953DE /* Rating.swift in Sources */ = {isa = PBXBuildFile; fileRef = 4E0DEE2C276F9F6000A953DE /* Rating.swift */; };
		4E102D5B275A25B100AAC2D9 /* UploadBox.swift in Sources */ = {isa = PBXBuildFile; fileRef = 4E102D5A275A25B100AAC2D9 /* UploadBox.swift */; };
		4E102D5D275A2BD800AAC2D9 /* PhotoPicker.swift in Sources */ = {isa = PBXBuildFile; fileRef = 4E102D5C275A2BD800AAC2D9 /* PhotoPicker.swift */; };
		4E102D61275B2A6100AAC2D9 /* MyOrderView.swift in Sources */ = {isa = PBXBuildFile; fileRef = 4E102D60275B2A6100AAC2D9 /* MyOrderView.swift */; };
		4E102D63275B2EC000AAC2D9 /* OrderCard.swift in Sources */ = {isa = PBXBuildFile; fileRef = 4E102D62275B2EC000AAC2D9 /* OrderCard.swift */; };
		4E102D65275B48B400AAC2D9 /* OrderDetailView.swift in Sources */ = {isa = PBXBuildFile; fileRef = 4E102D64275B48B400AAC2D9 /* OrderDetailView.swift */; };
		4E102D67275C9D6A00AAC2D9 /* LocationCard.swift in Sources */ = {isa = PBXBuildFile; fileRef = 4E102D66275C9D6A00AAC2D9 /* LocationCard.swift */; };
		4E15A9AA2736C42700440837 /* CategoryIcon.swift in Sources */ = {isa = PBXBuildFile; fileRef = 4E15A9A92736C42700440837 /* CategoryIcon.swift */; };
		4E15B5B92745573700F5C0CF /* CartCard.swift in Sources */ = {isa = PBXBuildFile; fileRef = 4E15B5B82745573700F5C0CF /* CartCard.swift */; };
		4E19209027269D6200B349C7 /* CouponCard.swift in Sources */ = {isa = PBXBuildFile; fileRef = 4E19208F27269D6200B349C7 /* CouponCard.swift */; };
		4E1920922726AD0900B349C7 /* SellerCard.swift in Sources */ = {isa = PBXBuildFile; fileRef = 4E1920912726AD0900B349C7 /* SellerCard.swift */; };
		4E1920942726B1A600B349C7 /* RatingCard.swift in Sources */ = {isa = PBXBuildFile; fileRef = 4E1920932726B1A600B349C7 /* RatingCard.swift */; };
		4E1920962726BE9600B349C7 /* CategoryCard.swift in Sources */ = {isa = PBXBuildFile; fileRef = 4E1920952726BE9600B349C7 /* CategoryCard.swift */; };
		4E28FD762774CB8800725DBB /* TextField.swift in Sources */ = {isa = PBXBuildFile; fileRef = 4E28FD752774CB8800725DBB /* TextField.swift */; };
		4E28FD7827776D6800725DBB /* ProductCard.swift in Sources */ = {isa = PBXBuildFile; fileRef = 4E28FD7727776D6800725DBB /* ProductCard.swift */; };
		4E28FD7A2777BC7800725DBB /* NavigationConfigurator.swift in Sources */ = {isa = PBXBuildFile; fileRef = 4E28FD792777BC7800725DBB /* NavigationConfigurator.swift */; };
		4E30D19F2770EB1D00B7BCD0 /* UserView.swift in Sources */ = {isa = PBXBuildFile; fileRef = 4E30D19E2770EB1D00B7BCD0 /* UserView.swift */; };
		4E30D1A12770EBB200B7BCD0 /* SearchBar.swift in Sources */ = {isa = PBXBuildFile; fileRef = 4E30D1A02770EBB200B7BCD0 /* SearchBar.swift */; };
		4E58D340272FEB2E0035D7C6 /* Homeservice.swift in Sources */ = {isa = PBXBuildFile; fileRef = 4E58D33F272FEB2E0035D7C6 /* Homeservice.swift */; };
		4E58D342273033C80035D7C6 /* CategoryListViewModel.swift in Sources */ = {isa = PBXBuildFile; fileRef = 4E58D341273033C80035D7C6 /* CategoryListViewModel.swift */; };
		4E6198982756633F00224C9C /* Transfer.swift in Sources */ = {isa = PBXBuildFile; fileRef = 4E6198972756633F00224C9C /* Transfer.swift */; };
		4E61989A275788F700224C9C /* PaymentTime.swift in Sources */ = {isa = PBXBuildFile; fileRef = 4E619899275788F700224C9C /* PaymentTime.swift */; };
		4E75F16D2757A8C700F6D382 /* PaymentView.swift in Sources */ = {isa = PBXBuildFile; fileRef = 4E75F16C2757A8C700F6D382 /* PaymentView.swift */; };
		4E75F16F2758D51F00F6D382 /* SubmitPaymentView.swift in Sources */ = {isa = PBXBuildFile; fileRef = 4E75F16E2758D51F00F6D382 /* SubmitPaymentView.swift */; };
		4E805DAF271FC0DC0063C83D /* CustomPicker.swift in Sources */ = {isa = PBXBuildFile; fileRef = 4E805DAE271FC0DC0063C83D /* CustomPicker.swift */; };
		4E8A6FE027157C1D00E7461E /* RegisterView.swift in Sources */ = {isa = PBXBuildFile; fileRef = 4E8A6FDF27157C1D00E7461E /* RegisterView.swift */; };
		4E8A6FE227157DEC00E7461E /* RegisterViewModel.swift in Sources */ = {isa = PBXBuildFile; fileRef = 4E8A6FE127157DEC00E7461E /* RegisterViewModel.swift */; };
		4E8A6FE42715916900E7461E /* LabelForm.swift in Sources */ = {isa = PBXBuildFile; fileRef = 4E8A6FE32715916900E7461E /* LabelForm.swift */; };
		4E9772662714371A00C28B5D /* ColorExtension.swift in Sources */ = {isa = PBXBuildFile; fileRef = 4E9772652714371A00C28B5D /* ColorExtension.swift */; };
		4E977269271438D600C28B5D /* PrimaryButton.swift in Sources */ = {isa = PBXBuildFile; fileRef = 4E977268271438D600C28B5D /* PrimaryButton.swift */; };
		4E97726B271443F800C28B5D /* SecondaryButton.swift in Sources */ = {isa = PBXBuildFile; fileRef = 4E97726A271443F800C28B5D /* SecondaryButton.swift */; };
		4E9772702714507C00C28B5D /* WelcomeView.swift in Sources */ = {isa = PBXBuildFile; fileRef = 4E97726F2714507C00C28B5D /* WelcomeView.swift */; };
		4EABAC52273C3A46000E7D44 /* ProductService.swift in Sources */ = {isa = PBXBuildFile; fileRef = 4EABAC51273C3A46000E7D44 /* ProductService.swift */; };
		4EABAC54273C3BE4000E7D44 /* ProductViewModel.swift in Sources */ = {isa = PBXBuildFile; fileRef = 4EABAC53273C3BE4000E7D44 /* ProductViewModel.swift */; };
		4EAEC763277861DE000B6713 /* EditProduct.swift in Sources */ = {isa = PBXBuildFile; fileRef = 4EAEC762277861DE000B6713 /* EditProduct.swift */; };
		4EAEC7672778C3B8000B6713 /* PackageListCard.swift in Sources */ = {isa = PBXBuildFile; fileRef = 4EAEC7662778C3B8000B6713 /* PackageListCard.swift */; };
		4EBE80E12774B2F2008EEB9E /* CreateProductView.swift in Sources */ = {isa = PBXBuildFile; fileRef = 4EBE80E02774B2F2008EEB9E /* CreateProductView.swift */; };
		4EE4F3732765F4420001B874 /* ImagePicker.swift in Sources */ = {isa = PBXBuildFile; fileRef = 4EE4F3722765F4420001B874 /* ImagePicker.swift */; };
		4EE4F3752765F9B50001B874 /* PaymentService.swift in Sources */ = {isa = PBXBuildFile; fileRef = 4EE4F3742765F9B50001B874 /* PaymentService.swift */; };
		4EE4F37B27663EE90001B874 /* CreatePackageView.swift in Sources */ = {isa = PBXBuildFile; fileRef = 4EE4F37A27663EE90001B874 /* CreatePackageView.swift */; };
		4EE4F37D27663F190001B874 /* ProductInformation.swift in Sources */ = {isa = PBXBuildFile; fileRef = 4EE4F37C27663F190001B874 /* ProductInformation.swift */; };
		4EE4F380276736AD0001B874 /* CreateProductViewModel.swift in Sources */ = {isa = PBXBuildFile; fileRef = 4EE4F37F276736AD0001B874 /* CreateProductViewModel.swift */; };
		4EE4F3822769F1C00001B874 /* MyProductView.swift in Sources */ = {isa = PBXBuildFile; fileRef = 4EE4F3812769F1C00001B874 /* MyProductView.swift */; };
		4EE4F3852769F4740001B874 /* ProfileView.swift in Sources */ = {isa = PBXBuildFile; fileRef = 4EE4F3842769F4740001B874 /* ProfileView.swift */; };
		4EE8C2102736720200C9AD66 /* ProductView.swift in Sources */ = {isa = PBXBuildFile; fileRef = 4EE8C20F2736720200C9AD66 /* ProductView.swift */; };
		4EF760BB2747795B00BBB0CE /* OrderView.swift in Sources */ = {isa = PBXBuildFile; fileRef = 4EF760BA2747795B00BBB0CE /* OrderView.swift */; };
		F7025BEE27742E3100560393 /* OrderDetailModel.swift in Sources */ = {isa = PBXBuildFile; fileRef = F7025BED27742E3100560393 /* OrderDetailModel.swift */; };
		F7025BF0277483CD00560393 /* CompletedOrderDetailView.swift in Sources */ = {isa = PBXBuildFile; fileRef = F7025BEF277483CD00560393 /* CompletedOrderDetailView.swift */; };
		F7025BF22774D8B800560393 /* SellerOrderViewModel.swift in Sources */ = {isa = PBXBuildFile; fileRef = F7025BF12774D8B800560393 /* SellerOrderViewModel.swift */; };
		F7025BF42774DB3B00560393 /* OrderListView.swift in Sources */ = {isa = PBXBuildFile; fileRef = F7025BF32774DB3B00560393 /* OrderListView.swift */; };
		F71A70FA2779648B00D35FEB /* PendingButton.swift in Sources */ = {isa = PBXBuildFile; fileRef = F71A70F92779648B00D35FEB /* PendingButton.swift */; };
		F71A70FC2779FC7600D35FEB /* ReviewViewModel.swift in Sources */ = {isa = PBXBuildFile; fileRef = F71A70FB2779FC7600D35FEB /* ReviewViewModel.swift */; };
		F71A70FE2779FC9600D35FEB /* ReviewService.swift in Sources */ = {isa = PBXBuildFile; fileRef = F71A70FD2779FC9600D35FEB /* ReviewService.swift */; };
		F7253C782771908400B8652B /* NavigationExtension.swift in Sources */ = {isa = PBXBuildFile; fileRef = F7253C772771908400B8652B /* NavigationExtension.swift */; };
		F7253C7A2772089D00B8652B /* OrderDetailViewModel.swift in Sources */ = {isa = PBXBuildFile; fileRef = F7253C792772089D00B8652B /* OrderDetailViewModel.swift */; };
		F7253C7C27720D3700B8652B /* ClientOrderDetailModel.swift in Sources */ = {isa = PBXBuildFile; fileRef = F7253C7B27720D3700B8652B /* ClientOrderDetailModel.swift */; };
		F7253C7E2772453500B8652B /* RescheduleView.swift in Sources */ = {isa = PBXBuildFile; fileRef = F7253C7D2772453500B8652B /* RescheduleView.swift */; };
		F72900EB27114680007EF04C /* Online_Platform_MobileApp.swift in Sources */ = {isa = PBXBuildFile; fileRef = F72900EA27114680007EF04C /* Online_Platform_MobileApp.swift */; };
		F72900ED27114680007EF04C /* ContentView.swift in Sources */ = {isa = PBXBuildFile; fileRef = F72900EC27114680007EF04C /* ContentView.swift */; };
		F72900EF27114681007EF04C /* Assets.xcassets in Resources */ = {isa = PBXBuildFile; fileRef = F72900EE27114681007EF04C /* Assets.xcassets */; };
		F72900F227114681007EF04C /* Preview Assets.xcassets in Resources */ = {isa = PBXBuildFile; fileRef = F72900F127114681007EF04C /* Preview Assets.xcassets */; };
		F737A700275295AD00161CF0 /* CartCardView.swift in Sources */ = {isa = PBXBuildFile; fileRef = F737A6FF275295AD00161CF0 /* CartCardView.swift */; };
		F737A7032752994400161CF0 /* NumberFormatter.swift in Sources */ = {isa = PBXBuildFile; fileRef = F737A7022752994400161CF0 /* NumberFormatter.swift */; };
		F7450B3D274295A00061B717 /* ReviewsCard.swift in Sources */ = {isa = PBXBuildFile; fileRef = F7450B3C274295A00061B717 /* ReviewsCard.swift */; };
		F7450B3F2742C1D90061B717 /* PackageCard.swift in Sources */ = {isa = PBXBuildFile; fileRef = F7450B3E2742C1D90061B717 /* PackageCard.swift */; };
		F75CE2C327411F5400F0977E /* DismissKeyboard.swift in Sources */ = {isa = PBXBuildFile; fileRef = F75CE2C227411F5400F0977E /* DismissKeyboard.swift */; };
		F75CE2C5274142FC00F0977E /* ImageSlider.swift in Sources */ = {isa = PBXBuildFile; fileRef = F75CE2C4274142FC00F0977E /* ImageSlider.swift */; };
		F75CE2C92741622900F0977E /* ThemeFont.swift in Sources */ = {isa = PBXBuildFile; fileRef = F75CE2C82741622900F0977E /* ThemeFont.swift */; };
		F75CE2CB274162F600F0977E /* LocationRating.swift in Sources */ = {isa = PBXBuildFile; fileRef = F75CE2CA274162F600F0977E /* LocationRating.swift */; };
		F75CE2CD274168B500F0977E /* SFProDisplay-Medium.ttf in Resources */ = {isa = PBXBuildFile; fileRef = F75CE2CC274168B500F0977E /* SFProDisplay-Medium.ttf */; };
		F75CE2CF2741742300F0977E /* RoundedCorner.swift in Sources */ = {isa = PBXBuildFile; fileRef = F75CE2CE2741742300F0977E /* RoundedCorner.swift */; };
		F764C4C1271824DF00C302A5 /* SFProDisplay-Regular.ttf in Resources */ = {isa = PBXBuildFile; fileRef = F764C4C0271824DF00C302A5 /* SFProDisplay-Regular.ttf */; };
		F764C4C3271824E700C302A5 /* SFProDisplay-Semibold.ttf in Resources */ = {isa = PBXBuildFile; fileRef = F764C4C2271824E700C302A5 /* SFProDisplay-Semibold.ttf */; };
		F764C4C5271824EE00C302A5 /* SFProDisplay-Bold.ttf in Resources */ = {isa = PBXBuildFile; fileRef = F764C4C4271824EE00C302A5 /* SFProDisplay-Bold.ttf */; };
		F764C4C827189CDF00C302A5 /* HomeClient.swift in Sources */ = {isa = PBXBuildFile; fileRef = F764C4C727189CDF00C302A5 /* HomeClient.swift */; };
		F76EDFAA277035010078D4A0 /* ChooseLocationView.swift in Sources */ = {isa = PBXBuildFile; fileRef = F76EDFA9277035010078D4A0 /* ChooseLocationView.swift */; };
		F76EDFAC277035720078D4A0 /* LocationViewModel.swift in Sources */ = {isa = PBXBuildFile; fileRef = F76EDFAB277035720078D4A0 /* LocationViewModel.swift */; };
		F76EDFAE277035C40078D4A0 /* LocationList.swift in Sources */ = {isa = PBXBuildFile; fileRef = F76EDFAD277035C40078D4A0 /* LocationList.swift */; };
		F76EDFB0277047CF0078D4A0 /* MapView.swift in Sources */ = {isa = PBXBuildFile; fileRef = F76EDFAF277047CF0078D4A0 /* MapView.swift */; };
		F76EDFB32770C1FF0078D4A0 /* Alamofire in Frameworks */ = {isa = PBXBuildFile; productRef = F76EDFB22770C1FF0078D4A0 /* Alamofire */; };
		F76EDFB52770C8B30078D4A0 /* SubmitPaymentModel.swift in Sources */ = {isa = PBXBuildFile; fileRef = F76EDFB42770C8B30078D4A0 /* SubmitPaymentModel.swift */; };
		F785C1ED271539DB008035EC /* UserHelper.swift in Sources */ = {isa = PBXBuildFile; fileRef = F785C1EC271539DB008035EC /* UserHelper.swift */; };
		F785C1F527153A24008035EC /* AuthService.swift in Sources */ = {isa = PBXBuildFile; fileRef = F785C1F427153A24008035EC /* AuthService.swift */; };
		F785C1FB27153A5F008035EC /* User.swift in Sources */ = {isa = PBXBuildFile; fileRef = F785C1FA27153A5F008035EC /* User.swift */; };
		F79501B0275F9FD900F5F8E9 /* ChatList.swift in Sources */ = {isa = PBXBuildFile; fileRef = F79501AF275F9FD900F5F8E9 /* ChatList.swift */; };
		F79501B2275FC16500F5F8E9 /* PersonalChat.swift in Sources */ = {isa = PBXBuildFile; fileRef = F79501B1275FC16500F5F8E9 /* PersonalChat.swift */; };
		F7A2A5652744111A00856135 /* PackageDetail.swift in Sources */ = {isa = PBXBuildFile; fileRef = F7A2A5642744111A00856135 /* PackageDetail.swift */; };
		F7A2A56727441C1300856135 /* NavigationBackButton.swift in Sources */ = {isa = PBXBuildFile; fileRef = F7A2A56627441C1300856135 /* NavigationBackButton.swift */; };
		F7A89945275E5B0800263321 /* GoogleService-Info.plist in Resources */ = {isa = PBXBuildFile; fileRef = F7A89944275E5B0800263321 /* GoogleService-Info.plist */; };
		F7A89948275E5C4B00263321 /* FirebaseAuth in Frameworks */ = {isa = PBXBuildFile; productRef = F7A89947275E5C4B00263321 /* FirebaseAuth */; };
		F7A8994A275E5C4B00263321 /* FirebaseFirestore in Frameworks */ = {isa = PBXBuildFile; productRef = F7A89949275E5C4B00263321 /* FirebaseFirestore */; };
		F7A8994D275E5E3200263321 /* ChatRoomViewModel.swift in Sources */ = {isa = PBXBuildFile; fileRef = F7A8994C275E5E3200263321 /* ChatRoomViewModel.swift */; };
		F7A89951275E5E5600263321 /* MessageViewModel.swift in Sources */ = {isa = PBXBuildFile; fileRef = F7A89950275E5E5600263321 /* MessageViewModel.swift */; };
		F7A89953275E652100263321 /* UserService.swift in Sources */ = {isa = PBXBuildFile; fileRef = F7A89952275E652100263321 /* UserService.swift */; };
		F7A89957275E6C7700263321 /* Introspect in Frameworks */ = {isa = PBXBuildFile; productRef = F7A89956275E6C7700263321 /* Introspect */; };
		F7A89959275E7A0B00263321 /* ChatModel.swift in Sources */ = {isa = PBXBuildFile; fileRef = F7A89958275E7A0B00263321 /* ChatModel.swift */; };
		F7A9A1C92742CDB700109692 /* SFProDisplay-Italic.OTF in Resources */ = {isa = PBXBuildFile; fileRef = F7A9A1C82742CDB700109692 /* SFProDisplay-Italic.OTF */; };
		F7C86F272719691300C26C22 /* HomeClientViewModel.swift in Sources */ = {isa = PBXBuildFile; fileRef = F7C86F262719691300C26C22 /* HomeClientViewModel.swift */; };
		F7D4AC9127577053000B0B99 /* OrderViewModel.swift in Sources */ = {isa = PBXBuildFile; fileRef = F7D4AC9027577053000B0B99 /* OrderViewModel.swift */; };
		F7D4AC94275772F4000B0B99 /* OrderService.swift in Sources */ = {isa = PBXBuildFile; fileRef = F7D4AC93275772F4000B0B99 /* OrderService.swift */; };
		F7D4AC9627577316000B0B99 /* PostOrderRequest.swift in Sources */ = {isa = PBXBuildFile; fileRef = F7D4AC9527577316000B0B99 /* PostOrderRequest.swift */; };
		F7D4AC9827578D0B000B0B99 /* DateExtension.swift in Sources */ = {isa = PBXBuildFile; fileRef = F7D4AC9727578D0B000B0B99 /* DateExtension.swift */; };
		F7D4AC9A27579725000B0B99 /* OrderModel.swift in Sources */ = {isa = PBXBuildFile; fileRef = F7D4AC9927579725000B0B99 /* OrderModel.swift */; };
		F7D4AC9C2757D774000B0B99 /* TabBar.swift in Sources */ = {isa = PBXBuildFile; fileRef = F7D4AC9B2757D774000B0B99 /* TabBar.swift */; };
		F7D5900F273FEE8600A2D916 /* ProductDetailService.swift in Sources */ = {isa = PBXBuildFile; fileRef = F7D5900E273FEE8600A2D916 /* ProductDetailService.swift */; };
		F7D59012273FF0F200A2D916 /* ProductDetailModel.swift in Sources */ = {isa = PBXBuildFile; fileRef = F7D59011273FF0F200A2D916 /* ProductDetailModel.swift */; };
		F7D59015273FF63500A2D916 /* ProductDetailViewModel.swift in Sources */ = {isa = PBXBuildFile; fileRef = F7D59014273FF63500A2D916 /* ProductDetailViewModel.swift */; };
		F7D59017273FF6D300A2D916 /* ProductDetailResponse.swift in Sources */ = {isa = PBXBuildFile; fileRef = F7D59016273FF6D300A2D916 /* ProductDetailResponse.swift */; };
		F7D59019273FF74000A2D916 /* ProductDetailView.swift in Sources */ = {isa = PBXBuildFile; fileRef = F7D59018273FF74000A2D916 /* ProductDetailView.swift */; };
		F7D6A4A0272007D000E0BCD1 /* HttpService.swift in Sources */ = {isa = PBXBuildFile; fileRef = F7D6A49F272007D000E0BCD1 /* HttpService.swift */; };
		F7D6A4A227200A2100E0BCD1 /* AuthResponse.swift in Sources */ = {isa = PBXBuildFile; fileRef = F7D6A4A127200A2100E0BCD1 /* AuthResponse.swift */; };
		F7EBC68F2772EF83009768E4 /* TabBarSeller.swift in Sources */ = {isa = PBXBuildFile; fileRef = F7EBC68E2772EF83009768E4 /* TabBarSeller.swift */; };
		F7EBC695277316DE009768E4 /* OrderDetailSellerView.swift in Sources */ = {isa = PBXBuildFile; fileRef = F7EBC694277316DE009768E4 /* OrderDetailSellerView.swift */; };
		F7EBC69727733937009768E4 /* OrderDetailService.swift in Sources */ = {isa = PBXBuildFile; fileRef = F7EBC69627733937009768E4 /* OrderDetailService.swift */; };
		F7EBC69927733B87009768E4 /* OrderDetailSellerViewModel.swift in Sources */ = {isa = PBXBuildFile; fileRef = F7EBC69827733B87009768E4 /* OrderDetailSellerViewModel.swift */; };
		F7EBC69B277382D4009768E4 /* PackageView.swift in Sources */ = {isa = PBXBuildFile; fileRef = F7EBC69A277382D4009768E4 /* PackageView.swift */; };
/* End PBXBuildFile section */

/* Begin PBXFileReference section */
		18E3AFB8277389BA00A476E5 /* ProductListView.swift */ = {isa = PBXFileReference; lastKnownFileType = sourcecode.swift; path = ProductListView.swift; sourceTree = "<group>"; };
		18E3AFBA277389C800A476E5 /* CategoryListView.swift */ = {isa = PBXFileReference; lastKnownFileType = sourcecode.swift; path = CategoryListView.swift; sourceTree = "<group>"; };
		18E3AFBF2773994400A476E5 /* AddCategoryView.swift */ = {isa = PBXFileReference; lastKnownFileType = sourcecode.swift; path = AddCategoryView.swift; sourceTree = "<group>"; };
		18E3AFC12773A01000A476E5 /* OvalTextFieldStyle.swift */ = {isa = PBXFileReference; lastKnownFileType = sourcecode.swift; path = OvalTextFieldStyle.swift; sourceTree = "<group>"; };
		4E07267B27182C8400806F54 /* LoginView.swift */ = {isa = PBXFileReference; lastKnownFileType = sourcecode.swift; path = LoginView.swift; sourceTree = "<group>"; };
		4E07267D27182D7B00806F54 /* LoginViewModel.swift */ = {isa = PBXFileReference; lastKnownFileType = sourcecode.swift; path = LoginViewModel.swift; sourceTree = "<group>"; };
		4E0A00602764AC68002B0A70 /* PaymentViewModel.swift */ = {isa = PBXFileReference; lastKnownFileType = sourcecode.swift; path = PaymentViewModel.swift; sourceTree = "<group>"; };
		4E0C820F272D9FB40049B8C8 /* Category.swift */ = {isa = PBXFileReference; lastKnownFileType = sourcecode.swift; path = Category.swift; sourceTree = "<group>"; };
		4E0DEE28276F8FB000A953DE /* OrderReview.swift */ = {isa = PBXFileReference; lastKnownFileType = sourcecode.swift; path = OrderReview.swift; sourceTree = "<group>"; };
		4E0DEE2A276F967B00A953DE /* GiveOrderReviewView.swift */ = {isa = PBXFileReference; lastKnownFileType = sourcecode.swift; path = GiveOrderReviewView.swift; sourceTree = "<group>"; };
		4E0DEE2C276F9F6000A953DE /* Rating.swift */ = {isa = PBXFileReference; lastKnownFileType = sourcecode.swift; path = Rating.swift; sourceTree = "<group>"; };
		4E102D5A275A25B100AAC2D9 /* UploadBox.swift */ = {isa = PBXFileReference; lastKnownFileType = sourcecode.swift; path = UploadBox.swift; sourceTree = "<group>"; };
		4E102D5C275A2BD800AAC2D9 /* PhotoPicker.swift */ = {isa = PBXFileReference; lastKnownFileType = sourcecode.swift; path = PhotoPicker.swift; sourceTree = "<group>"; };
		4E102D60275B2A6100AAC2D9 /* MyOrderView.swift */ = {isa = PBXFileReference; lastKnownFileType = sourcecode.swift; path = MyOrderView.swift; sourceTree = "<group>"; };
		4E102D62275B2EC000AAC2D9 /* OrderCard.swift */ = {isa = PBXFileReference; lastKnownFileType = sourcecode.swift; path = OrderCard.swift; sourceTree = "<group>"; };
		4E102D64275B48B400AAC2D9 /* OrderDetailView.swift */ = {isa = PBXFileReference; lastKnownFileType = sourcecode.swift; path = OrderDetailView.swift; sourceTree = "<group>"; };
		4E102D66275C9D6A00AAC2D9 /* LocationCard.swift */ = {isa = PBXFileReference; lastKnownFileType = sourcecode.swift; path = LocationCard.swift; sourceTree = "<group>"; };
		4E15A9A92736C42700440837 /* CategoryIcon.swift */ = {isa = PBXFileReference; lastKnownFileType = sourcecode.swift; path = CategoryIcon.swift; sourceTree = "<group>"; };
		4E15B5B82745573700F5C0CF /* CartCard.swift */ = {isa = PBXFileReference; lastKnownFileType = sourcecode.swift; path = CartCard.swift; sourceTree = "<group>"; };
		4E19208F27269D6200B349C7 /* CouponCard.swift */ = {isa = PBXFileReference; lastKnownFileType = sourcecode.swift; path = CouponCard.swift; sourceTree = "<group>"; };
		4E1920912726AD0900B349C7 /* SellerCard.swift */ = {isa = PBXFileReference; lastKnownFileType = sourcecode.swift; path = SellerCard.swift; sourceTree = "<group>"; };
		4E1920932726B1A600B349C7 /* RatingCard.swift */ = {isa = PBXFileReference; lastKnownFileType = sourcecode.swift; path = RatingCard.swift; sourceTree = "<group>"; };
		4E1920952726BE9600B349C7 /* CategoryCard.swift */ = {isa = PBXFileReference; lastKnownFileType = sourcecode.swift; path = CategoryCard.swift; sourceTree = "<group>"; };
		4E28FD752774CB8800725DBB /* TextField.swift */ = {isa = PBXFileReference; lastKnownFileType = sourcecode.swift; path = TextField.swift; sourceTree = "<group>"; };
		4E28FD7727776D6800725DBB /* ProductCard.swift */ = {isa = PBXFileReference; lastKnownFileType = sourcecode.swift; path = ProductCard.swift; sourceTree = "<group>"; };
		4E28FD792777BC7800725DBB /* NavigationConfigurator.swift */ = {isa = PBXFileReference; lastKnownFileType = sourcecode.swift; path = NavigationConfigurator.swift; sourceTree = "<group>"; };
		4E30D19E2770EB1D00B7BCD0 /* UserView.swift */ = {isa = PBXFileReference; lastKnownFileType = sourcecode.swift; path = UserView.swift; sourceTree = "<group>"; };
		4E30D1A02770EBB200B7BCD0 /* SearchBar.swift */ = {isa = PBXFileReference; lastKnownFileType = sourcecode.swift; path = SearchBar.swift; sourceTree = "<group>"; };
		4E58D33F272FEB2E0035D7C6 /* Homeservice.swift */ = {isa = PBXFileReference; lastKnownFileType = sourcecode.swift; path = Homeservice.swift; sourceTree = "<group>"; };
		4E58D341273033C80035D7C6 /* CategoryListViewModel.swift */ = {isa = PBXFileReference; lastKnownFileType = sourcecode.swift; path = CategoryListViewModel.swift; sourceTree = "<group>"; };
		4E6198972756633F00224C9C /* Transfer.swift */ = {isa = PBXFileReference; lastKnownFileType = sourcecode.swift; path = Transfer.swift; sourceTree = "<group>"; };
		4E619899275788F700224C9C /* PaymentTime.swift */ = {isa = PBXFileReference; lastKnownFileType = sourcecode.swift; path = PaymentTime.swift; sourceTree = "<group>"; };
		4E75F16C2757A8C700F6D382 /* PaymentView.swift */ = {isa = PBXFileReference; lastKnownFileType = sourcecode.swift; path = PaymentView.swift; sourceTree = "<group>"; };
		4E75F16E2758D51F00F6D382 /* SubmitPaymentView.swift */ = {isa = PBXFileReference; lastKnownFileType = sourcecode.swift; path = SubmitPaymentView.swift; sourceTree = "<group>"; };
		4E805DAE271FC0DC0063C83D /* CustomPicker.swift */ = {isa = PBXFileReference; lastKnownFileType = sourcecode.swift; path = CustomPicker.swift; sourceTree = "<group>"; };
		4E8A6FDF27157C1D00E7461E /* RegisterView.swift */ = {isa = PBXFileReference; lastKnownFileType = sourcecode.swift; path = RegisterView.swift; sourceTree = "<group>"; };
		4E8A6FE127157DEC00E7461E /* RegisterViewModel.swift */ = {isa = PBXFileReference; lastKnownFileType = sourcecode.swift; path = RegisterViewModel.swift; sourceTree = "<group>"; };
		4E8A6FE32715916900E7461E /* LabelForm.swift */ = {isa = PBXFileReference; lastKnownFileType = sourcecode.swift; path = LabelForm.swift; sourceTree = "<group>"; };
		4E9772652714371A00C28B5D /* ColorExtension.swift */ = {isa = PBXFileReference; lastKnownFileType = sourcecode.swift; path = ColorExtension.swift; sourceTree = "<group>"; };
		4E977268271438D600C28B5D /* PrimaryButton.swift */ = {isa = PBXFileReference; lastKnownFileType = sourcecode.swift; path = PrimaryButton.swift; sourceTree = "<group>"; };
		4E97726A271443F800C28B5D /* SecondaryButton.swift */ = {isa = PBXFileReference; lastKnownFileType = sourcecode.swift; path = SecondaryButton.swift; sourceTree = "<group>"; };
		4E97726F2714507C00C28B5D /* WelcomeView.swift */ = {isa = PBXFileReference; lastKnownFileType = sourcecode.swift; path = WelcomeView.swift; sourceTree = "<group>"; };
		4EABAC51273C3A46000E7D44 /* ProductService.swift */ = {isa = PBXFileReference; lastKnownFileType = sourcecode.swift; path = ProductService.swift; sourceTree = "<group>"; };
		4EABAC53273C3BE4000E7D44 /* ProductViewModel.swift */ = {isa = PBXFileReference; lastKnownFileType = sourcecode.swift; path = ProductViewModel.swift; sourceTree = "<group>"; };
		4EAEC762277861DE000B6713 /* EditProduct.swift */ = {isa = PBXFileReference; lastKnownFileType = sourcecode.swift; path = EditProduct.swift; sourceTree = "<group>"; };
		4EAEC7662778C3B8000B6713 /* PackageListCard.swift */ = {isa = PBXFileReference; lastKnownFileType = sourcecode.swift; path = PackageListCard.swift; sourceTree = "<group>"; };
		4EBE80E02774B2F2008EEB9E /* CreateProductView.swift */ = {isa = PBXFileReference; lastKnownFileType = sourcecode.swift; path = CreateProductView.swift; sourceTree = "<group>"; };
		4EE4F3722765F4420001B874 /* ImagePicker.swift */ = {isa = PBXFileReference; lastKnownFileType = sourcecode.swift; path = ImagePicker.swift; sourceTree = "<group>"; };
		4EE4F3742765F9B50001B874 /* PaymentService.swift */ = {isa = PBXFileReference; lastKnownFileType = sourcecode.swift; path = PaymentService.swift; sourceTree = "<group>"; };
		4EE4F37A27663EE90001B874 /* CreatePackageView.swift */ = {isa = PBXFileReference; lastKnownFileType = sourcecode.swift; path = CreatePackageView.swift; sourceTree = "<group>"; };
		4EE4F37C27663F190001B874 /* ProductInformation.swift */ = {isa = PBXFileReference; lastKnownFileType = sourcecode.swift; path = ProductInformation.swift; sourceTree = "<group>"; };
		4EE4F37F276736AD0001B874 /* CreateProductViewModel.swift */ = {isa = PBXFileReference; lastKnownFileType = sourcecode.swift; path = CreateProductViewModel.swift; sourceTree = "<group>"; };
		4EE4F3812769F1C00001B874 /* MyProductView.swift */ = {isa = PBXFileReference; lastKnownFileType = sourcecode.swift; path = MyProductView.swift; sourceTree = "<group>"; };
		4EE4F3842769F4740001B874 /* ProfileView.swift */ = {isa = PBXFileReference; lastKnownFileType = sourcecode.swift; path = ProfileView.swift; sourceTree = "<group>"; };
		4EE8C20F2736720200C9AD66 /* ProductView.swift */ = {isa = PBXFileReference; lastKnownFileType = sourcecode.swift; path = ProductView.swift; sourceTree = "<group>"; };
		4EF760BA2747795B00BBB0CE /* OrderView.swift */ = {isa = PBXFileReference; lastKnownFileType = sourcecode.swift; path = OrderView.swift; sourceTree = "<group>"; };
		F7025BED27742E3100560393 /* OrderDetailModel.swift */ = {isa = PBXFileReference; lastKnownFileType = sourcecode.swift; path = OrderDetailModel.swift; sourceTree = "<group>"; };
		F7025BEF277483CD00560393 /* CompletedOrderDetailView.swift */ = {isa = PBXFileReference; lastKnownFileType = sourcecode.swift; path = CompletedOrderDetailView.swift; sourceTree = "<group>"; };
		F7025BF12774D8B800560393 /* SellerOrderViewModel.swift */ = {isa = PBXFileReference; lastKnownFileType = sourcecode.swift; path = SellerOrderViewModel.swift; sourceTree = "<group>"; };
		F7025BF32774DB3B00560393 /* OrderListView.swift */ = {isa = PBXFileReference; lastKnownFileType = sourcecode.swift; path = OrderListView.swift; sourceTree = "<group>"; };
		F71A70F92779648B00D35FEB /* PendingButton.swift */ = {isa = PBXFileReference; lastKnownFileType = sourcecode.swift; path = PendingButton.swift; sourceTree = "<group>"; };
		F71A70FB2779FC7600D35FEB /* ReviewViewModel.swift */ = {isa = PBXFileReference; lastKnownFileType = sourcecode.swift; path = ReviewViewModel.swift; sourceTree = "<group>"; };
		F71A70FD2779FC9600D35FEB /* ReviewService.swift */ = {isa = PBXFileReference; lastKnownFileType = sourcecode.swift; path = ReviewService.swift; sourceTree = "<group>"; };
		F7253C772771908400B8652B /* NavigationExtension.swift */ = {isa = PBXFileReference; lastKnownFileType = sourcecode.swift; path = NavigationExtension.swift; sourceTree = "<group>"; };
		F7253C792772089D00B8652B /* OrderDetailViewModel.swift */ = {isa = PBXFileReference; lastKnownFileType = sourcecode.swift; path = OrderDetailViewModel.swift; sourceTree = "<group>"; };
		F7253C7B27720D3700B8652B /* ClientOrderDetailModel.swift */ = {isa = PBXFileReference; lastKnownFileType = sourcecode.swift; path = ClientOrderDetailModel.swift; sourceTree = "<group>"; };
		F7253C7D2772453500B8652B /* RescheduleView.swift */ = {isa = PBXFileReference; lastKnownFileType = sourcecode.swift; path = RescheduleView.swift; sourceTree = "<group>"; };
		F72900E727114680007EF04C /* Online-Platform-Mobile.app */ = {isa = PBXFileReference; explicitFileType = wrapper.application; includeInIndex = 0; path = "Online-Platform-Mobile.app"; sourceTree = BUILT_PRODUCTS_DIR; };
		F72900EA27114680007EF04C /* Online_Platform_MobileApp.swift */ = {isa = PBXFileReference; lastKnownFileType = sourcecode.swift; path = Online_Platform_MobileApp.swift; sourceTree = "<group>"; };
		F72900EC27114680007EF04C /* ContentView.swift */ = {isa = PBXFileReference; lastKnownFileType = sourcecode.swift; path = ContentView.swift; sourceTree = "<group>"; };
		F72900EE27114681007EF04C /* Assets.xcassets */ = {isa = PBXFileReference; lastKnownFileType = folder.assetcatalog; path = Assets.xcassets; sourceTree = "<group>"; };
		F72900F127114681007EF04C /* Preview Assets.xcassets */ = {isa = PBXFileReference; lastKnownFileType = folder.assetcatalog; path = "Preview Assets.xcassets"; sourceTree = "<group>"; };
		F737A6FF275295AD00161CF0 /* CartCardView.swift */ = {isa = PBXFileReference; lastKnownFileType = sourcecode.swift; path = CartCardView.swift; sourceTree = "<group>"; };
		F737A7022752994400161CF0 /* NumberFormatter.swift */ = {isa = PBXFileReference; lastKnownFileType = sourcecode.swift; path = NumberFormatter.swift; sourceTree = "<group>"; };
		F7450B3C274295A00061B717 /* ReviewsCard.swift */ = {isa = PBXFileReference; lastKnownFileType = sourcecode.swift; path = ReviewsCard.swift; sourceTree = "<group>"; };
		F7450B3E2742C1D90061B717 /* PackageCard.swift */ = {isa = PBXFileReference; lastKnownFileType = sourcecode.swift; path = PackageCard.swift; sourceTree = "<group>"; };
		F75CE2C227411F5400F0977E /* DismissKeyboard.swift */ = {isa = PBXFileReference; lastKnownFileType = sourcecode.swift; path = DismissKeyboard.swift; sourceTree = "<group>"; };
		F75CE2C4274142FC00F0977E /* ImageSlider.swift */ = {isa = PBXFileReference; lastKnownFileType = sourcecode.swift; path = ImageSlider.swift; sourceTree = "<group>"; };
		F75CE2C82741622900F0977E /* ThemeFont.swift */ = {isa = PBXFileReference; lastKnownFileType = sourcecode.swift; path = ThemeFont.swift; sourceTree = "<group>"; };
		F75CE2CA274162F600F0977E /* LocationRating.swift */ = {isa = PBXFileReference; lastKnownFileType = sourcecode.swift; path = LocationRating.swift; sourceTree = "<group>"; };
		F75CE2CC274168B500F0977E /* SFProDisplay-Medium.ttf */ = {isa = PBXFileReference; lastKnownFileType = file; path = "SFProDisplay-Medium.ttf"; sourceTree = "<group>"; };
		F75CE2CE2741742300F0977E /* RoundedCorner.swift */ = {isa = PBXFileReference; lastKnownFileType = sourcecode.swift; path = RoundedCorner.swift; sourceTree = "<group>"; };
		F764C4C0271824DF00C302A5 /* SFProDisplay-Regular.ttf */ = {isa = PBXFileReference; lastKnownFileType = file; path = "SFProDisplay-Regular.ttf"; sourceTree = "<group>"; };
		F764C4C2271824E700C302A5 /* SFProDisplay-Semibold.ttf */ = {isa = PBXFileReference; lastKnownFileType = file; path = "SFProDisplay-Semibold.ttf"; sourceTree = "<group>"; };
		F764C4C4271824EE00C302A5 /* SFProDisplay-Bold.ttf */ = {isa = PBXFileReference; lastKnownFileType = file; path = "SFProDisplay-Bold.ttf"; sourceTree = "<group>"; };
		F764C4C727189CDF00C302A5 /* HomeClient.swift */ = {isa = PBXFileReference; lastKnownFileType = sourcecode.swift; path = HomeClient.swift; sourceTree = "<group>"; };
		F76EDFA9277035010078D4A0 /* ChooseLocationView.swift */ = {isa = PBXFileReference; lastKnownFileType = sourcecode.swift; path = ChooseLocationView.swift; sourceTree = "<group>"; };
		F76EDFAB277035720078D4A0 /* LocationViewModel.swift */ = {isa = PBXFileReference; lastKnownFileType = sourcecode.swift; path = LocationViewModel.swift; sourceTree = "<group>"; };
		F76EDFAD277035C40078D4A0 /* LocationList.swift */ = {isa = PBXFileReference; lastKnownFileType = sourcecode.swift; path = LocationList.swift; sourceTree = "<group>"; };
		F76EDFAF277047CF0078D4A0 /* MapView.swift */ = {isa = PBXFileReference; lastKnownFileType = sourcecode.swift; path = MapView.swift; sourceTree = "<group>"; };
		F76EDFB42770C8B30078D4A0 /* SubmitPaymentModel.swift */ = {isa = PBXFileReference; lastKnownFileType = sourcecode.swift; path = SubmitPaymentModel.swift; sourceTree = "<group>"; };
		F785C1EC271539DB008035EC /* UserHelper.swift */ = {isa = PBXFileReference; lastKnownFileType = sourcecode.swift; path = UserHelper.swift; sourceTree = "<group>"; };
		F785C1F427153A24008035EC /* AuthService.swift */ = {isa = PBXFileReference; lastKnownFileType = sourcecode.swift; path = AuthService.swift; sourceTree = "<group>"; };
		F785C1FA27153A5F008035EC /* User.swift */ = {isa = PBXFileReference; lastKnownFileType = sourcecode.swift; path = User.swift; sourceTree = "<group>"; };
		F79501AF275F9FD900F5F8E9 /* ChatList.swift */ = {isa = PBXFileReference; lastKnownFileType = sourcecode.swift; path = ChatList.swift; sourceTree = "<group>"; };
		F79501B1275FC16500F5F8E9 /* PersonalChat.swift */ = {isa = PBXFileReference; lastKnownFileType = sourcecode.swift; path = PersonalChat.swift; sourceTree = "<group>"; };
		F7A2A5642744111A00856135 /* PackageDetail.swift */ = {isa = PBXFileReference; lastKnownFileType = sourcecode.swift; path = PackageDetail.swift; sourceTree = "<group>"; };
		F7A2A56627441C1300856135 /* NavigationBackButton.swift */ = {isa = PBXFileReference; lastKnownFileType = sourcecode.swift; path = NavigationBackButton.swift; sourceTree = "<group>"; };
		F7A89944275E5B0800263321 /* GoogleService-Info.plist */ = {isa = PBXFileReference; fileEncoding = 4; lastKnownFileType = text.plist.xml; path = "GoogleService-Info.plist"; sourceTree = "<group>"; };
		F7A8994C275E5E3200263321 /* ChatRoomViewModel.swift */ = {isa = PBXFileReference; lastKnownFileType = sourcecode.swift; path = ChatRoomViewModel.swift; sourceTree = "<group>"; };
		F7A89950275E5E5600263321 /* MessageViewModel.swift */ = {isa = PBXFileReference; lastKnownFileType = sourcecode.swift; path = MessageViewModel.swift; sourceTree = "<group>"; };
		F7A89952275E652100263321 /* UserService.swift */ = {isa = PBXFileReference; lastKnownFileType = sourcecode.swift; path = UserService.swift; sourceTree = "<group>"; };
		F7A89958275E7A0B00263321 /* ChatModel.swift */ = {isa = PBXFileReference; lastKnownFileType = sourcecode.swift; path = ChatModel.swift; sourceTree = "<group>"; };
		F7A9A1C82742CDB700109692 /* SFProDisplay-Italic.OTF */ = {isa = PBXFileReference; lastKnownFileType = file; path = "SFProDisplay-Italic.OTF"; sourceTree = "<group>"; };
		F7C86F262719691300C26C22 /* HomeClientViewModel.swift */ = {isa = PBXFileReference; lastKnownFileType = sourcecode.swift; path = HomeClientViewModel.swift; sourceTree = "<group>"; };
		F7D4AC9027577053000B0B99 /* OrderViewModel.swift */ = {isa = PBXFileReference; lastKnownFileType = sourcecode.swift; path = OrderViewModel.swift; sourceTree = "<group>"; };
		F7D4AC93275772F4000B0B99 /* OrderService.swift */ = {isa = PBXFileReference; lastKnownFileType = sourcecode.swift; path = OrderService.swift; sourceTree = "<group>"; };
		F7D4AC9527577316000B0B99 /* PostOrderRequest.swift */ = {isa = PBXFileReference; lastKnownFileType = sourcecode.swift; path = PostOrderRequest.swift; sourceTree = "<group>"; };
		F7D4AC9727578D0B000B0B99 /* DateExtension.swift */ = {isa = PBXFileReference; lastKnownFileType = sourcecode.swift; path = DateExtension.swift; sourceTree = "<group>"; };
		F7D4AC9927579725000B0B99 /* OrderModel.swift */ = {isa = PBXFileReference; lastKnownFileType = sourcecode.swift; path = OrderModel.swift; sourceTree = "<group>"; };
		F7D4AC9B2757D774000B0B99 /* TabBar.swift */ = {isa = PBXFileReference; lastKnownFileType = sourcecode.swift; path = TabBar.swift; sourceTree = "<group>"; };
		F7D5900E273FEE8600A2D916 /* ProductDetailService.swift */ = {isa = PBXFileReference; lastKnownFileType = sourcecode.swift; path = ProductDetailService.swift; sourceTree = "<group>"; };
		F7D59011273FF0F200A2D916 /* ProductDetailModel.swift */ = {isa = PBXFileReference; lastKnownFileType = sourcecode.swift; path = ProductDetailModel.swift; sourceTree = "<group>"; };
		F7D59014273FF63500A2D916 /* ProductDetailViewModel.swift */ = {isa = PBXFileReference; lastKnownFileType = sourcecode.swift; path = ProductDetailViewModel.swift; sourceTree = "<group>"; };
		F7D59016273FF6D300A2D916 /* ProductDetailResponse.swift */ = {isa = PBXFileReference; lastKnownFileType = sourcecode.swift; path = ProductDetailResponse.swift; sourceTree = "<group>"; };
		F7D59018273FF74000A2D916 /* ProductDetailView.swift */ = {isa = PBXFileReference; lastKnownFileType = sourcecode.swift; path = ProductDetailView.swift; sourceTree = "<group>"; };
		F7D6A49F272007D000E0BCD1 /* HttpService.swift */ = {isa = PBXFileReference; lastKnownFileType = sourcecode.swift; path = HttpService.swift; sourceTree = "<group>"; };
		F7D6A4A127200A2100E0BCD1 /* AuthResponse.swift */ = {isa = PBXFileReference; lastKnownFileType = sourcecode.swift; path = AuthResponse.swift; sourceTree = "<group>"; };
		F7EBC68E2772EF83009768E4 /* TabBarSeller.swift */ = {isa = PBXFileReference; lastKnownFileType = sourcecode.swift; path = TabBarSeller.swift; sourceTree = "<group>"; };
		F7EBC694277316DE009768E4 /* OrderDetailSellerView.swift */ = {isa = PBXFileReference; lastKnownFileType = sourcecode.swift; path = OrderDetailSellerView.swift; sourceTree = "<group>"; };
		F7EBC69627733937009768E4 /* OrderDetailService.swift */ = {isa = PBXFileReference; lastKnownFileType = sourcecode.swift; path = OrderDetailService.swift; sourceTree = "<group>"; };
		F7EBC69827733B87009768E4 /* OrderDetailSellerViewModel.swift */ = {isa = PBXFileReference; lastKnownFileType = sourcecode.swift; path = OrderDetailSellerViewModel.swift; sourceTree = "<group>"; };
		F7EBC69A277382D4009768E4 /* PackageView.swift */ = {isa = PBXFileReference; lastKnownFileType = sourcecode.swift; path = PackageView.swift; sourceTree = "<group>"; };
/* End PBXFileReference section */

/* Begin PBXFrameworksBuildPhase section */
		F72900E42711467F007EF04C /* Frameworks */ = {
			isa = PBXFrameworksBuildPhase;
			buildActionMask = 2147483647;
			files = (
				F76EDFB32770C1FF0078D4A0 /* Alamofire in Frameworks */,
				4E0C8213272DA0DB0049B8C8 /* SDWebImageSwiftUI in Frameworks */,
				F7A89957275E6C7700263321 /* Introspect in Frameworks */,
				F7A89948275E5C4B00263321 /* FirebaseAuth in Frameworks */,
				F7A8994A275E5C4B00263321 /* FirebaseFirestore in Frameworks */,
			);
			runOnlyForDeploymentPostprocessing = 0;
		};
/* End PBXFrameworksBuildPhase section */

/* Begin PBXGroup section */
		18E3AFB62773899200A476E5 /* ProductListView */ = {
			isa = PBXGroup;
			children = (
				18E3AFB8277389BA00A476E5 /* ProductListView.swift */,
			);
			path = ProductListView;
			sourceTree = "<group>";
		};
		18E3AFB7277389A700A476E5 /* CategoryListView */ = {
			isa = PBXGroup;
			children = (
				18E3AFBA277389C800A476E5 /* CategoryListView.swift */,
			);
			path = CategoryListView;
			sourceTree = "<group>";
		};
		18E3AFBE2773993400A476E5 /* AddCategoryView */ = {
			isa = PBXGroup;
			children = (
				18E3AFBF2773994400A476E5 /* AddCategoryView.swift */,
			);
			path = AddCategoryView;
			sourceTree = "<group>";
		};
		4E07267A27182C7300806F54 /* Login */ = {
			isa = PBXGroup;
			children = (
				4E07267B27182C8400806F54 /* LoginView.swift */,
				4E07267D27182D7B00806F54 /* LoginViewModel.swift */,
			);
			path = Login;
			sourceTree = "<group>";
		};
		4E30D19C2770EA8D00B7BCD0 /* Admin */ = {
			isa = PBXGroup;
			children = (
				18E3AFBE2773993400A476E5 /* AddCategoryView */,
				18E3AFB7277389A700A476E5 /* CategoryListView */,
				18E3AFB62773899200A476E5 /* ProductListView */,
				4E30D19D2770EAC200B7BCD0 /* UserView */,
			);
			path = Admin;
			sourceTree = "<group>";
		};
		4E30D19D2770EAC200B7BCD0 /* UserView */ = {
			isa = PBXGroup;
			children = (
				4E30D19E2770EB1D00B7BCD0 /* UserView.swift */,
			);
			path = UserView;
			sourceTree = "<group>";
		};
		4E619895275662EE00224C9C /* Payment */ = {
			isa = PBXGroup;
			children = (
				4E6198962756632500224C9C /* Payment+View */,
				4E0A00602764AC68002B0A70 /* PaymentViewModel.swift */,
			);
			path = Payment;
			sourceTree = "<group>";
		};
		4E6198962756632500224C9C /* Payment+View */ = {
			isa = PBXGroup;
			children = (
				4E6198972756633F00224C9C /* Transfer.swift */,
				4E619899275788F700224C9C /* PaymentTime.swift */,
				4E75F16C2757A8C700F6D382 /* PaymentView.swift */,
				4E75F16E2758D51F00F6D382 /* SubmitPaymentView.swift */,
			);
			path = "Payment+View";
			sourceTree = "<group>";
		};
		4E8A6FDE27157C0E00E7461E /* Register */ = {
			isa = PBXGroup;
			children = (
				4E8A6FDF27157C1D00E7461E /* RegisterView.swift */,
				4E8A6FE127157DEC00E7461E /* RegisterViewModel.swift */,
			);
			path = Register;
			sourceTree = "<group>";
		};
		4E977263271436FE00C28B5D /* Utilities */ = {
			isa = PBXGroup;
			children = (
				F764C4BF271824CD00C302A5 /* Fonts */,
				4E9772642714370B00C28B5D /* Extension */,
				4E102D5C275A2BD800AAC2D9 /* PhotoPicker.swift */,
				4EE4F3722765F4420001B874 /* ImagePicker.swift */,
			);
			path = Utilities;
			sourceTree = "<group>";
		};
		4E9772642714370B00C28B5D /* Extension */ = {
			isa = PBXGroup;
			children = (
				F75CE2C227411F5400F0977E /* DismissKeyboard.swift */,
				4E9772652714371A00C28B5D /* ColorExtension.swift */,
				F75CE2CE2741742300F0977E /* RoundedCorner.swift */,
				F7A2A56627441C1300856135 /* NavigationBackButton.swift */,
				F737A7022752994400161CF0 /* NumberFormatter.swift */,
				F7D4AC9727578D0B000B0B99 /* DateExtension.swift */,
				F7253C772771908400B8652B /* NavigationExtension.swift */,
				4E28FD792777BC7800725DBB /* NavigationConfigurator.swift */,
			);
			path = Extension;
			sourceTree = "<group>";
		};
		4E977267271438AB00C28B5D /* Component */ = {
			isa = PBXGroup;
			children = (
				4E977268271438D600C28B5D /* PrimaryButton.swift */,
				4E97726A271443F800C28B5D /* SecondaryButton.swift */,
				4E8A6FE32715916900E7461E /* LabelForm.swift */,
				4E805DAE271FC0DC0063C83D /* CustomPicker.swift */,
				4E19208F27269D6200B349C7 /* CouponCard.swift */,
				4E1920912726AD0900B349C7 /* SellerCard.swift */,
				4E1920932726B1A600B349C7 /* RatingCard.swift */,
				4E1920952726BE9600B349C7 /* CategoryCard.swift */,
				4E15A9A92736C42700440837 /* CategoryIcon.swift */,
				4E15B5B82745573700F5C0CF /* CartCard.swift */,
				4E102D5A275A25B100AAC2D9 /* UploadBox.swift */,
				4E102D62275B2EC000AAC2D9 /* OrderCard.swift */,
				4E102D66275C9D6A00AAC2D9 /* LocationCard.swift */,
				F7D4AC9B2757D774000B0B99 /* TabBar.swift */,
				4E0DEE2C276F9F6000A953DE /* Rating.swift */,
				4E30D1A02770EBB200B7BCD0 /* SearchBar.swift */,
				F7EBC68E2772EF83009768E4 /* TabBarSeller.swift */,
				4E28FD752774CB8800725DBB /* TextField.swift */,
			);
			path = Component;
			sourceTree = "<group>";
		};
		4E97726C2714501300C28B5D /* Cores */ = {
			isa = PBXGroup;
			children = (
				4E97726D2714501D00C28B5D /* Features */,
				4E977267271438AB00C28B5D /* Component */,
			);
			path = Cores;
			sourceTree = "<group>";
		};
		4E97726D2714501D00C28B5D /* Features */ = {
			isa = PBXGroup;
			children = (
				4E30D19C2770EA8D00B7BCD0 /* Admin */,
				F76EDFA627702E9B0078D4A0 /* Location */,
				4EE4F37727663DBE0001B874 /* Seller */,
				F7A8994B275E5DFF00263321 /* Chat */,
				4EF760B82747793500BBB0CE /* Order */,
				4E619895275662EE00224C9C /* Payment */,
				F7D5900D273FEE0D00A2D916 /* Product Detail */,
				4EE8C20E2736712100C9AD66 /* Product */,
				F764C4C627189CCC00C302A5 /* Home */,
				4E07267A27182C7300806F54 /* Login */,
				4E8A6FDE27157C0E00E7461E /* Register */,
				4E97726E2714503B00C28B5D /* Welcome */,
			);
			path = Features;
			sourceTree = "<group>";
		};
		4E97726E2714503B00C28B5D /* Welcome */ = {
			isa = PBXGroup;
			children = (
				4E97726F2714507C00C28B5D /* WelcomeView.swift */,
			);
			path = Welcome;
			sourceTree = "<group>";
		};
		4EE4F3762765F9BB0001B874 /* Payment */ = {
			isa = PBXGroup;
			children = (
				4EE4F3742765F9B50001B874 /* PaymentService.swift */,
			);
			path = Payment;
			sourceTree = "<group>";
		};
		4EE4F37727663DBE0001B874 /* Seller */ = {
			isa = PBXGroup;
			children = (
				F7EBC69327731682009768E4 /* OrderDetail */,
				F7EBC6902772EFC2009768E4 /* Order */,
				4EE4F3832769F40F0001B874 /* Profile */,
				4EE4F37827663EB00001B874 /* Product */,
			);
			path = Seller;
			sourceTree = "<group>";
		};
		4EE4F37827663EB00001B874 /* Product */ = {
			isa = PBXGroup;
			children = (
				4EE4F37927663EC90001B874 /* CreateProductView */,
				4EE4F37F276736AD0001B874 /* CreateProductViewModel.swift */,
				4E28FD7727776D6800725DBB /* ProductCard.swift */,
				4EAEC762277861DE000B6713 /* EditProduct.swift */,
				4EAEC7662778C3B8000B6713 /* PackageListCard.swift */,
			);
			path = Product;
			sourceTree = "<group>";
		};
		4EE4F37927663EC90001B874 /* CreateProductView */ = {
			isa = PBXGroup;
			children = (
				4EE4F37A27663EE90001B874 /* CreatePackageView.swift */,
				4EE4F37C27663F190001B874 /* ProductInformation.swift */,
				4EE4F3812769F1C00001B874 /* MyProductView.swift */,
				4EBE80E02774B2F2008EEB9E /* CreateProductView.swift */,
			);
			path = CreateProductView;
			sourceTree = "<group>";
		};
		4EE4F3832769F40F0001B874 /* Profile */ = {
			isa = PBXGroup;
			children = (
				4EE4F3842769F4740001B874 /* ProfileView.swift */,
			);
			path = Profile;
			sourceTree = "<group>";
		};
		4EE8C20E2736712100C9AD66 /* Product */ = {
			isa = PBXGroup;
			children = (
				4EE8C20F2736720200C9AD66 /* ProductView.swift */,
				4EABAC53273C3BE4000E7D44 /* ProductViewModel.swift */,
			);
			path = Product;
			sourceTree = "<group>";
		};
		4EF760B82747793500BBB0CE /* Order */ = {
			isa = PBXGroup;
			children = (
				4EF760B92747793E00BBB0CE /* OrderView */,
			);
			path = Order;
			sourceTree = "<group>";
		};
		4EF760B92747793E00BBB0CE /* OrderView */ = {
			isa = PBXGroup;
			children = (
				F737A6FE2752958500161CF0 /* View Model */,
				F737A6FD2752957F00161CF0 /* View */,
			);
			path = OrderView;
			sourceTree = "<group>";
		};
		F71A70F82779645400D35FEB /* Views */ = {
			isa = PBXGroup;
			children = (
				F7EBC69A277382D4009768E4 /* PackageView.swift */,
				F7EBC694277316DE009768E4 /* OrderDetailSellerView.swift */,
				F71A70F92779648B00D35FEB /* PendingButton.swift */,
			);
			path = Views;
			sourceTree = "<group>";
		};
		F72900DE2711467F007EF04C = {
			isa = PBXGroup;
			children = (
				F72900E927114680007EF04C /* Online-Platform-Mobile */,
				F72900E827114680007EF04C /* Products */,
			);
			sourceTree = "<group>";
		};
		F72900E827114680007EF04C /* Products */ = {
			isa = PBXGroup;
			children = (
				F72900E727114680007EF04C /* Online-Platform-Mobile.app */,
			);
			name = Products;
			sourceTree = "<group>";
		};
		F72900E927114680007EF04C /* Online-Platform-Mobile */ = {
			isa = PBXGroup;
			children = (
				F7A89944275E5B0800263321 /* GoogleService-Info.plist */,
				4E97726C2714501300C28B5D /* Cores */,
				4E977263271436FE00C28B5D /* Utilities */,
				F7290102271148F6007EF04C /* Models */,
				F72901052711491E007EF04C /* Services */,
				F72900FE271147C2007EF04C /* Helpers */,
				F72900EA27114680007EF04C /* Online_Platform_MobileApp.swift */,
				F72900EC27114680007EF04C /* ContentView.swift */,
				F72900EE27114681007EF04C /* Assets.xcassets */,
				F72900F027114681007EF04C /* Preview Content */,
			);
			path = "Online-Platform-Mobile";
			sourceTree = "<group>";
		};
		F72900F027114681007EF04C /* Preview Content */ = {
			isa = PBXGroup;
			children = (
				F72900F127114681007EF04C /* Preview Assets.xcassets */,
			);
			path = "Preview Content";
			sourceTree = "<group>";
		};
		F72900FE271147C2007EF04C /* Helpers */ = {
			isa = PBXGroup;
			children = (
				F785C1EC271539DB008035EC /* UserHelper.swift */,
				18E3AFC12773A01000A476E5 /* OvalTextFieldStyle.swift */,
			);
			path = Helpers;
			sourceTree = "<group>";
		};
		F7290102271148F6007EF04C /* Models */ = {
			isa = PBXGroup;
			children = (
				F785C1FA27153A5F008035EC /* User.swift */,
				4E0C820F272D9FB40049B8C8 /* Category.swift */,
				F7D59011273FF0F200A2D916 /* ProductDetailModel.swift */,
				F7D59016273FF6D300A2D916 /* ProductDetailResponse.swift */,
				F7D4AC9927579725000B0B99 /* OrderModel.swift */,
				F7A89958275E7A0B00263321 /* ChatModel.swift */,
				F76EDFAD277035C40078D4A0 /* LocationList.swift */,
				F76EDFB42770C8B30078D4A0 /* SubmitPaymentModel.swift */,
				F7253C7B27720D3700B8652B /* ClientOrderDetailModel.swift */,
				F7025BED27742E3100560393 /* OrderDetailModel.swift */,
			);
			path = Models;
			sourceTree = "<group>";
		};
		F72901052711491E007EF04C /* Services */ = {
			isa = PBXGroup;
			children = (
				4EE4F3762765F9BB0001B874 /* Payment */,
				F7D4AC92275772D8000B0B99 /* Order */,
				F7D59013273FF2EA00A2D916 /* Home */,
				F7D59010273FEE9000A2D916 /* Product */,
				F729010A27114AE3007EF04C /* Authentication */,
				F7D6A49F272007D000E0BCD1 /* HttpService.swift */,
				F7A89952275E652100263321 /* UserService.swift */,
			);
			path = Services;
			sourceTree = "<group>";
		};
		F729010A27114AE3007EF04C /* Authentication */ = {
			isa = PBXGroup;
			children = (
				F785C1F427153A24008035EC /* AuthService.swift */,
				F7D6A4A127200A2100E0BCD1 /* AuthResponse.swift */,
			);
			path = Authentication;
			sourceTree = "<group>";
		};
		F737A6FD2752957F00161CF0 /* View */ = {
			isa = PBXGroup;
			children = (
				F7025BEF277483CD00560393 /* CompletedOrderDetailView.swift */,
				4EF760BA2747795B00BBB0CE /* OrderView.swift */,
				F737A6FF275295AD00161CF0 /* CartCardView.swift */,
				4E102D60275B2A6100AAC2D9 /* MyOrderView.swift */,
				4E102D64275B48B400AAC2D9 /* OrderDetailView.swift */,
				4E0DEE28276F8FB000A953DE /* OrderReview.swift */,
				4E0DEE2A276F967B00A953DE /* GiveOrderReviewView.swift */,
				F7253C7D2772453500B8652B /* RescheduleView.swift */,
			);
			path = View;
			sourceTree = "<group>";
		};
		F737A6FE2752958500161CF0 /* View Model */ = {
			isa = PBXGroup;
			children = (
				F7D4AC9027577053000B0B99 /* OrderViewModel.swift */,
				F7253C792772089D00B8652B /* OrderDetailViewModel.swift */,
				F71A70FB2779FC7600D35FEB /* ReviewViewModel.swift */,
			);
			path = "View Model";
			sourceTree = "<group>";
		};
		F75CE2C62741618200F0977E /* ViewModels */ = {
			isa = PBXGroup;
			children = (
				F7D59014273FF63500A2D916 /* ProductDetailViewModel.swift */,
			);
			path = ViewModels;
			sourceTree = "<group>";
		};
		F75CE2C72741618F00F0977E /* Views */ = {
			isa = PBXGroup;
			children = (
				F7D59018273FF74000A2D916 /* ProductDetailView.swift */,
				F75CE2C4274142FC00F0977E /* ImageSlider.swift */,
				F75CE2CA274162F600F0977E /* LocationRating.swift */,
				F7450B3C274295A00061B717 /* ReviewsCard.swift */,
				F7450B3E2742C1D90061B717 /* PackageCard.swift */,
				F7A2A5642744111A00856135 /* PackageDetail.swift */,
			);
			path = Views;
			sourceTree = "<group>";
		};
		F764C4BF271824CD00C302A5 /* Fonts */ = {
			isa = PBXGroup;
			children = (
				F7A9A1C82742CDB700109692 /* SFProDisplay-Italic.OTF */,
				F75CE2CC274168B500F0977E /* SFProDisplay-Medium.ttf */,
				F764C4C4271824EE00C302A5 /* SFProDisplay-Bold.ttf */,
				F764C4C2271824E700C302A5 /* SFProDisplay-Semibold.ttf */,
				F764C4C0271824DF00C302A5 /* SFProDisplay-Regular.ttf */,
				F75CE2C82741622900F0977E /* ThemeFont.swift */,
			);
			path = Fonts;
			sourceTree = "<group>";
		};
		F764C4C627189CCC00C302A5 /* Home */ = {
			isa = PBXGroup;
			children = (
				F7C86F25271968F700C26C22 /* ViewModels */,
				F764C4C727189CDF00C302A5 /* HomeClient.swift */,
			);
			path = Home;
			sourceTree = "<group>";
		};
		F76EDFA627702E9B0078D4A0 /* Location */ = {
			isa = PBXGroup;
			children = (
				F76EDFA8277033B40078D4A0 /* ViewModels */,
				F76EDFA7277033A90078D4A0 /* View */,
			);
			path = Location;
			sourceTree = "<group>";
		};
		F76EDFA7277033A90078D4A0 /* View */ = {
			isa = PBXGroup;
			children = (
				F76EDFA9277035010078D4A0 /* ChooseLocationView.swift */,
				F76EDFAF277047CF0078D4A0 /* MapView.swift */,
			);
			path = View;
			sourceTree = "<group>";
		};
		F76EDFA8277033B40078D4A0 /* ViewModels */ = {
			isa = PBXGroup;
			children = (
				F76EDFAB277035720078D4A0 /* LocationViewModel.swift */,
			);
			path = ViewModels;
			sourceTree = "<group>";
		};
		F7A8994B275E5DFF00263321 /* Chat */ = {
			isa = PBXGroup;
			children = (
				F7A8994F275E5E3C00263321 /* View Model */,
				F7A8994E275E5E3600263321 /* View */,
			);
			path = Chat;
			sourceTree = "<group>";
		};
		F7A8994E275E5E3600263321 /* View */ = {
			isa = PBXGroup;
			children = (
				F79501AF275F9FD900F5F8E9 /* ChatList.swift */,
				F79501B1275FC16500F5F8E9 /* PersonalChat.swift */,
			);
			path = View;
			sourceTree = "<group>";
		};
		F7A8994F275E5E3C00263321 /* View Model */ = {
			isa = PBXGroup;
			children = (
				F7A8994C275E5E3200263321 /* ChatRoomViewModel.swift */,
				F7A89950275E5E5600263321 /* MessageViewModel.swift */,
			);
			path = "View Model";
			sourceTree = "<group>";
		};
		F7C86F25271968F700C26C22 /* ViewModels */ = {
			isa = PBXGroup;
			children = (
				F7C86F262719691300C26C22 /* HomeClientViewModel.swift */,
				4E58D341273033C80035D7C6 /* CategoryListViewModel.swift */,
			);
			path = ViewModels;
			sourceTree = "<group>";
		};
		F7D4AC92275772D8000B0B99 /* Order */ = {
			isa = PBXGroup;
			children = (
				F7D4AC9527577316000B0B99 /* PostOrderRequest.swift */,
				F7D4AC93275772F4000B0B99 /* OrderService.swift */,
				F7EBC69627733937009768E4 /* OrderDetailService.swift */,
				F71A70FD2779FC9600D35FEB /* ReviewService.swift */,
			);
			path = Order;
			sourceTree = "<group>";
		};
		F7D5900D273FEE0D00A2D916 /* Product Detail */ = {
			isa = PBXGroup;
			children = (
				F75CE2C72741618F00F0977E /* Views */,
				F75CE2C62741618200F0977E /* ViewModels */,
			);
			path = "Product Detail";
			sourceTree = "<group>";
		};
		F7D59010273FEE9000A2D916 /* Product */ = {
			isa = PBXGroup;
			children = (
				4EABAC51273C3A46000E7D44 /* ProductService.swift */,
				F7D5900E273FEE8600A2D916 /* ProductDetailService.swift */,
			);
			path = Product;
			sourceTree = "<group>";
		};
		F7D59013273FF2EA00A2D916 /* Home */ = {
			isa = PBXGroup;
			children = (
				4E58D33F272FEB2E0035D7C6 /* Homeservice.swift */,
			);
			path = Home;
			sourceTree = "<group>";
		};
		F7EBC6902772EFC2009768E4 /* Order */ = {
			isa = PBXGroup;
			children = (
				F7025BF12774D8B800560393 /* SellerOrderViewModel.swift */,
				F7025BF32774DB3B00560393 /* OrderListView.swift */,
			);
			path = Order;
			sourceTree = "<group>";
		};
		F7EBC69327731682009768E4 /* OrderDetail */ = {
			isa = PBXGroup;
			children = (
				F71A70F82779645400D35FEB /* Views */,
				F7EBC69827733B87009768E4 /* OrderDetailSellerViewModel.swift */,
			);
			path = OrderDetail;
			sourceTree = "<group>";
		};
/* End PBXGroup section */

/* Begin PBXNativeTarget section */
		F72900E62711467F007EF04C /* Online-Platform-Mobile */ = {
			isa = PBXNativeTarget;
			buildConfigurationList = F72900F527114681007EF04C /* Build configuration list for PBXNativeTarget "Online-Platform-Mobile" */;
			buildPhases = (
				F72900E32711467F007EF04C /* Sources */,
				F72900E42711467F007EF04C /* Frameworks */,
				F72900E52711467F007EF04C /* Resources */,
			);
			buildRules = (
			);
			dependencies = (
			);
			name = "Online-Platform-Mobile";
			packageProductDependencies = (
				4E0C8212272DA0DB0049B8C8 /* SDWebImageSwiftUI */,
				F7A89947275E5C4B00263321 /* FirebaseAuth */,
				F7A89949275E5C4B00263321 /* FirebaseFirestore */,
				F7A89956275E6C7700263321 /* Introspect */,
				F76EDFB22770C1FF0078D4A0 /* Alamofire */,
			);
			productName = "Online-Platform-Mobile";
			productReference = F72900E727114680007EF04C /* Online-Platform-Mobile.app */;
			productType = "com.apple.product-type.application";
		};
/* End PBXNativeTarget section */

/* Begin PBXProject section */
		F72900DF2711467F007EF04C /* Project object */ = {
			isa = PBXProject;
			attributes = {
				BuildIndependentTargetsInParallel = 1;
				LastSwiftUpdateCheck = 1300;
				LastUpgradeCheck = 1300;
				TargetAttributes = {
					F72900E62711467F007EF04C = {
						CreatedOnToolsVersion = 13.0;
					};
				};
			};
			buildConfigurationList = F72900E22711467F007EF04C /* Build configuration list for PBXProject "Online-Platform-Mobile" */;
			compatibilityVersion = "Xcode 13.0";
			developmentRegion = en;
			hasScannedForEncodings = 0;
			knownRegions = (
				en,
				Base,
			);
			mainGroup = F72900DE2711467F007EF04C;
			packageReferences = (
				4E0C8211272DA0DB0049B8C8 /* XCRemoteSwiftPackageReference "SDWebImageSwiftUI" */,
				F7A89946275E5C4A00263321 /* XCRemoteSwiftPackageReference "firebase-ios-sdk" */,
				F7A89955275E6C7700263321 /* XCRemoteSwiftPackageReference "SwiftUI-Introspect" */,
				F76EDFB12770C1FF0078D4A0 /* XCRemoteSwiftPackageReference "Alamofire" */,
			);
			productRefGroup = F72900E827114680007EF04C /* Products */;
			projectDirPath = "";
			projectRoot = "";
			targets = (
				F72900E62711467F007EF04C /* Online-Platform-Mobile */,
			);
		};
/* End PBXProject section */

/* Begin PBXResourcesBuildPhase section */
		F72900E52711467F007EF04C /* Resources */ = {
			isa = PBXResourcesBuildPhase;
			buildActionMask = 2147483647;
			files = (
				F7A9A1C92742CDB700109692 /* SFProDisplay-Italic.OTF in Resources */,
				F764C4C3271824E700C302A5 /* SFProDisplay-Semibold.ttf in Resources */,
				F72900F227114681007EF04C /* Preview Assets.xcassets in Resources */,
				F7A89945275E5B0800263321 /* GoogleService-Info.plist in Resources */,
				F764C4C1271824DF00C302A5 /* SFProDisplay-Regular.ttf in Resources */,
				F764C4C5271824EE00C302A5 /* SFProDisplay-Bold.ttf in Resources */,
				F72900EF27114681007EF04C /* Assets.xcassets in Resources */,
				F75CE2CD274168B500F0977E /* SFProDisplay-Medium.ttf in Resources */,
			);
			runOnlyForDeploymentPostprocessing = 0;
		};
/* End PBXResourcesBuildPhase section */

/* Begin PBXSourcesBuildPhase section */
		F72900E32711467F007EF04C /* Sources */ = {
			isa = PBXSourcesBuildPhase;
			buildActionMask = 2147483647;
			files = (
				4E15A9AA2736C42700440837 /* CategoryIcon.swift in Sources */,
				4E61989A275788F700224C9C /* PaymentTime.swift in Sources */,
				18E3AFC22773A01000A476E5 /* OvalTextFieldStyle.swift in Sources */,
				F7A2A5652744111A00856135 /* PackageDetail.swift in Sources */,
				4E30D19F2770EB1D00B7BCD0 /* UserView.swift in Sources */,
				F7D59019273FF74000A2D916 /* ProductDetailView.swift in Sources */,
				4E1920942726B1A600B349C7 /* RatingCard.swift in Sources */,
				4E102D61275B2A6100AAC2D9 /* MyOrderView.swift in Sources */,
				4E97726B271443F800C28B5D /* SecondaryButton.swift in Sources */,
				F7D4AC9827578D0B000B0B99 /* DateExtension.swift in Sources */,
				F76EDFAE277035C40078D4A0 /* LocationList.swift in Sources */,
				4EE4F380276736AD0001B874 /* CreateProductViewModel.swift in Sources */,
				F7D4AC9127577053000B0B99 /* OrderViewModel.swift in Sources */,
				F7253C782771908400B8652B /* NavigationExtension.swift in Sources */,
				F79501B0275F9FD900F5F8E9 /* ChatList.swift in Sources */,
				F7025BF22774D8B800560393 /* SellerOrderViewModel.swift in Sources */,
				4E28FD7A2777BC7800725DBB /* NavigationConfigurator.swift in Sources */,
				18E3AFC02773994400A476E5 /* AddCategoryView.swift in Sources */,
				F764C4C827189CDF00C302A5 /* HomeClient.swift in Sources */,
				4E15B5B92745573700F5C0CF /* CartCard.swift in Sources */,
				4E102D5B275A25B100AAC2D9 /* UploadBox.swift in Sources */,
				4E58D340272FEB2E0035D7C6 /* Homeservice.swift in Sources */,
				F75CE2C5274142FC00F0977E /* ImageSlider.swift in Sources */,
				F7D59015273FF63500A2D916 /* ProductDetailViewModel.swift in Sources */,
				F785C1ED271539DB008035EC /* UserHelper.swift in Sources */,
				F71A70FE2779FC9600D35FEB /* ReviewService.swift in Sources */,
				4E0DEE2D276F9F6000A953DE /* Rating.swift in Sources */,
				4E75F16F2758D51F00F6D382 /* SubmitPaymentView.swift in Sources */,
				4E102D63275B2EC000AAC2D9 /* OrderCard.swift in Sources */,
				4EF760BB2747795B00BBB0CE /* OrderView.swift in Sources */,
				F76EDFB52770C8B30078D4A0 /* SubmitPaymentModel.swift in Sources */,
				F7EBC69927733B87009768E4 /* OrderDetailSellerViewModel.swift in Sources */,
				4E1920922726AD0900B349C7 /* SellerCard.swift in Sources */,
				4EE4F3822769F1C00001B874 /* MyProductView.swift in Sources */,
				4E102D65275B48B400AAC2D9 /* OrderDetailView.swift in Sources */,
				F737A7032752994400161CF0 /* NumberFormatter.swift in Sources */,
				4E9772702714507C00C28B5D /* WelcomeView.swift in Sources */,
				4E28FD762774CB8800725DBB /* TextField.swift in Sources */,
				F7D4AC94275772F4000B0B99 /* OrderService.swift in Sources */,
				F7025BF0277483CD00560393 /* CompletedOrderDetailView.swift in Sources */,
				F7253C7A2772089D00B8652B /* OrderDetailViewModel.swift in Sources */,
				F7A89951275E5E5600263321 /* MessageViewModel.swift in Sources */,
				4EBE80E12774B2F2008EEB9E /* CreateProductView.swift in Sources */,
				4E0DEE2B276F967B00A953DE /* GiveOrderReviewView.swift in Sources */,
				4E9772662714371A00C28B5D /* ColorExtension.swift in Sources */,
				4E8A6FE027157C1D00E7461E /* RegisterView.swift in Sources */,
				F7A89959275E7A0B00263321 /* ChatModel.swift in Sources */,
				F737A700275295AD00161CF0 /* CartCardView.swift in Sources */,
				4E8A6FE42715916900E7461E /* LabelForm.swift in Sources */,
				F7253C7C27720D3700B8652B /* ClientOrderDetailModel.swift in Sources */,
				F7EBC68F2772EF83009768E4 /* TabBarSeller.swift in Sources */,
				F7253C7E2772453500B8652B /* RescheduleView.swift in Sources */,
				F79501B2275FC16500F5F8E9 /* PersonalChat.swift in Sources */,
				4EE8C2102736720200C9AD66 /* ProductView.swift in Sources */,
				4E6198982756633F00224C9C /* Transfer.swift in Sources */,
				F785C1FB27153A5F008035EC /* User.swift in Sources */,
				4E0A00612764AC68002B0A70 /* PaymentViewModel.swift in Sources */,
				4EABAC52273C3A46000E7D44 /* ProductService.swift in Sources */,
				F7D5900F273FEE8600A2D916 /* ProductDetailService.swift in Sources */,
				4EE4F3852769F4740001B874 /* ProfileView.swift in Sources */,
				F7450B3F2742C1D90061B717 /* PackageCard.swift in Sources */,
				4E28FD7827776D6800725DBB /* ProductCard.swift in Sources */,
				F7D4AC9C2757D774000B0B99 /* TabBar.swift in Sources */,
				F76EDFAC277035720078D4A0 /* LocationViewModel.swift in Sources */,
				F71A70FA2779648B00D35FEB /* PendingButton.swift in Sources */,
				4EE4F37D27663F190001B874 /* ProductInformation.swift in Sources */,
				4EABAC54273C3BE4000E7D44 /* ProductViewModel.swift in Sources */,
				F7450B3D274295A00061B717 /* ReviewsCard.swift in Sources */,
				F7A2A56727441C1300856135 /* NavigationBackButton.swift in Sources */,
				F7A89953275E652100263321 /* UserService.swift in Sources */,
				4E805DAF271FC0DC0063C83D /* CustomPicker.swift in Sources */,
				F75CE2C92741622900F0977E /* ThemeFont.swift in Sources */,
				F76EDFB0277047CF0078D4A0 /* MapView.swift in Sources */,
				4E19209027269D6200B349C7 /* CouponCard.swift in Sources */,
				18E3AFBB277389C800A476E5 /* CategoryListView.swift in Sources */,
				4E102D67275C9D6A00AAC2D9 /* LocationCard.swift in Sources */,
				F75CE2CB274162F600F0977E /* LocationRating.swift in Sources */,
				F72900ED27114680007EF04C /* ContentView.swift in Sources */,
				4E07267E27182D7B00806F54 /* LoginViewModel.swift in Sources */,
				F71A70FC2779FC7600D35FEB /* ReviewViewModel.swift in Sources */,
				F7D6A4A0272007D000E0BCD1 /* HttpService.swift in Sources */,
				F76EDFAA277035010078D4A0 /* ChooseLocationView.swift in Sources */,
				F7C86F272719691300C26C22 /* HomeClientViewModel.swift in Sources */,
				F7EBC695277316DE009768E4 /* OrderDetailSellerView.swift in Sources */,
				4E1920962726BE9600B349C7 /* CategoryCard.swift in Sources */,
				18E3AFB9277389BA00A476E5 /* ProductListView.swift in Sources */,
				4E0DEE29276F8FB000A953DE /* OrderReview.swift in Sources */,
				4E0C8210272D9FB40049B8C8 /* Category.swift in Sources */,
				F7D59012273FF0F200A2D916 /* ProductDetailModel.swift in Sources */,
				4EE4F3732765F4420001B874 /* ImagePicker.swift in Sources */,
				F7D6A4A227200A2100E0BCD1 /* AuthResponse.swift in Sources */,
				4E58D342273033C80035D7C6 /* CategoryListViewModel.swift in Sources */,
				4EAEC763277861DE000B6713 /* EditProduct.swift in Sources */,
				F7D4AC9627577316000B0B99 /* PostOrderRequest.swift in Sources */,
				4EE4F37B27663EE90001B874 /* CreatePackageView.swift in Sources */,
				4E102D5D275A2BD800AAC2D9 /* PhotoPicker.swift in Sources */,
				F75CE2CF2741742300F0977E /* RoundedCorner.swift in Sources */,
				F7EBC69B277382D4009768E4 /* PackageView.swift in Sources */,
				F75CE2C327411F5400F0977E /* DismissKeyboard.swift in Sources */,
				4E8A6FE227157DEC00E7461E /* RegisterViewModel.swift in Sources */,
				F7025BF42774DB3B00560393 /* OrderListView.swift in Sources */,
				F7A8994D275E5E3200263321 /* ChatRoomViewModel.swift in Sources */,
				F785C1F527153A24008035EC /* AuthService.swift in Sources */,
				F7025BEE27742E3100560393 /* OrderDetailModel.swift in Sources */,
				4E977269271438D600C28B5D /* PrimaryButton.swift in Sources */,
				4E75F16D2757A8C700F6D382 /* PaymentView.swift in Sources */,
				4E30D1A12770EBB200B7BCD0 /* SearchBar.swift in Sources */,
				F7D59017273FF6D300A2D916 /* ProductDetailResponse.swift in Sources */,
				4E07267C27182C8400806F54 /* LoginView.swift in Sources */,
				F72900EB27114680007EF04C /* Online_Platform_MobileApp.swift in Sources */,
				F7EBC69727733937009768E4 /* OrderDetailService.swift in Sources */,
				4EE4F3752765F9B50001B874 /* PaymentService.swift in Sources */,
				4EAEC7672778C3B8000B6713 /* PackageListCard.swift in Sources */,
				F7D4AC9A27579725000B0B99 /* OrderModel.swift in Sources */,
			);
			runOnlyForDeploymentPostprocessing = 0;
		};
/* End PBXSourcesBuildPhase section */

/* Begin XCBuildConfiguration section */
		F72900F327114681007EF04C /* Debug */ = {
			isa = XCBuildConfiguration;
			buildSettings = {
				ALWAYS_SEARCH_USER_PATHS = NO;
				CLANG_ANALYZER_NONNULL = YES;
				CLANG_ANALYZER_NUMBER_OBJECT_CONVERSION = YES_AGGRESSIVE;
				CLANG_CXX_LANGUAGE_STANDARD = "gnu++17";
				CLANG_CXX_LIBRARY = "libc++";
				CLANG_ENABLE_MODULES = YES;
				CLANG_ENABLE_OBJC_ARC = YES;
				CLANG_ENABLE_OBJC_WEAK = YES;
				CLANG_WARN_BLOCK_CAPTURE_AUTORELEASING = YES;
				CLANG_WARN_BOOL_CONVERSION = YES;
				CLANG_WARN_COMMA = YES;
				CLANG_WARN_CONSTANT_CONVERSION = YES;
				CLANG_WARN_DEPRECATED_OBJC_IMPLEMENTATIONS = YES;
				CLANG_WARN_DIRECT_OBJC_ISA_USAGE = YES_ERROR;
				CLANG_WARN_DOCUMENTATION_COMMENTS = YES;
				CLANG_WARN_EMPTY_BODY = YES;
				CLANG_WARN_ENUM_CONVERSION = YES;
				CLANG_WARN_INFINITE_RECURSION = YES;
				CLANG_WARN_INT_CONVERSION = YES;
				CLANG_WARN_NON_LITERAL_NULL_CONVERSION = YES;
				CLANG_WARN_OBJC_IMPLICIT_RETAIN_SELF = YES;
				CLANG_WARN_OBJC_LITERAL_CONVERSION = YES;
				CLANG_WARN_OBJC_ROOT_CLASS = YES_ERROR;
				CLANG_WARN_QUOTED_INCLUDE_IN_FRAMEWORK_HEADER = YES;
				CLANG_WARN_RANGE_LOOP_ANALYSIS = YES;
				CLANG_WARN_STRICT_PROTOTYPES = YES;
				CLANG_WARN_SUSPICIOUS_MOVE = YES;
				CLANG_WARN_UNGUARDED_AVAILABILITY = YES_AGGRESSIVE;
				CLANG_WARN_UNREACHABLE_CODE = YES;
				CLANG_WARN__DUPLICATE_METHOD_MATCH = YES;
				COPY_PHASE_STRIP = NO;
				DEBUG_INFORMATION_FORMAT = dwarf;
				ENABLE_STRICT_OBJC_MSGSEND = YES;
				ENABLE_TESTABILITY = YES;
				GCC_C_LANGUAGE_STANDARD = gnu11;
				GCC_DYNAMIC_NO_PIC = NO;
				GCC_NO_COMMON_BLOCKS = YES;
				GCC_OPTIMIZATION_LEVEL = 0;
				GCC_PREPROCESSOR_DEFINITIONS = (
					"DEBUG=1",
					"$(inherited)",
				);
				GCC_WARN_64_TO_32_BIT_CONVERSION = YES;
				GCC_WARN_ABOUT_RETURN_TYPE = YES_ERROR;
				GCC_WARN_UNDECLARED_SELECTOR = YES;
				GCC_WARN_UNINITIALIZED_AUTOS = YES_AGGRESSIVE;
				GCC_WARN_UNUSED_FUNCTION = YES;
				GCC_WARN_UNUSED_VARIABLE = YES;
				IPHONEOS_DEPLOYMENT_TARGET = 15.0;
				MTL_ENABLE_DEBUG_INFO = INCLUDE_SOURCE;
				MTL_FAST_MATH = YES;
				ONLY_ACTIVE_ARCH = YES;
				SDKROOT = iphoneos;
				SWIFT_ACTIVE_COMPILATION_CONDITIONS = DEBUG;
				SWIFT_OPTIMIZATION_LEVEL = "-Onone";
			};
			name = Debug;
		};
		F72900F427114681007EF04C /* Release */ = {
			isa = XCBuildConfiguration;
			buildSettings = {
				ALWAYS_SEARCH_USER_PATHS = NO;
				CLANG_ANALYZER_NONNULL = YES;
				CLANG_ANALYZER_NUMBER_OBJECT_CONVERSION = YES_AGGRESSIVE;
				CLANG_CXX_LANGUAGE_STANDARD = "gnu++17";
				CLANG_CXX_LIBRARY = "libc++";
				CLANG_ENABLE_MODULES = YES;
				CLANG_ENABLE_OBJC_ARC = YES;
				CLANG_ENABLE_OBJC_WEAK = YES;
				CLANG_WARN_BLOCK_CAPTURE_AUTORELEASING = YES;
				CLANG_WARN_BOOL_CONVERSION = YES;
				CLANG_WARN_COMMA = YES;
				CLANG_WARN_CONSTANT_CONVERSION = YES;
				CLANG_WARN_DEPRECATED_OBJC_IMPLEMENTATIONS = YES;
				CLANG_WARN_DIRECT_OBJC_ISA_USAGE = YES_ERROR;
				CLANG_WARN_DOCUMENTATION_COMMENTS = YES;
				CLANG_WARN_EMPTY_BODY = YES;
				CLANG_WARN_ENUM_CONVERSION = YES;
				CLANG_WARN_INFINITE_RECURSION = YES;
				CLANG_WARN_INT_CONVERSION = YES;
				CLANG_WARN_NON_LITERAL_NULL_CONVERSION = YES;
				CLANG_WARN_OBJC_IMPLICIT_RETAIN_SELF = YES;
				CLANG_WARN_OBJC_LITERAL_CONVERSION = YES;
				CLANG_WARN_OBJC_ROOT_CLASS = YES_ERROR;
				CLANG_WARN_QUOTED_INCLUDE_IN_FRAMEWORK_HEADER = YES;
				CLANG_WARN_RANGE_LOOP_ANALYSIS = YES;
				CLANG_WARN_STRICT_PROTOTYPES = YES;
				CLANG_WARN_SUSPICIOUS_MOVE = YES;
				CLANG_WARN_UNGUARDED_AVAILABILITY = YES_AGGRESSIVE;
				CLANG_WARN_UNREACHABLE_CODE = YES;
				CLANG_WARN__DUPLICATE_METHOD_MATCH = YES;
				COPY_PHASE_STRIP = NO;
				DEBUG_INFORMATION_FORMAT = "dwarf-with-dsym";
				ENABLE_NS_ASSERTIONS = NO;
				ENABLE_STRICT_OBJC_MSGSEND = YES;
				GCC_C_LANGUAGE_STANDARD = gnu11;
				GCC_NO_COMMON_BLOCKS = YES;
				GCC_WARN_64_TO_32_BIT_CONVERSION = YES;
				GCC_WARN_ABOUT_RETURN_TYPE = YES_ERROR;
				GCC_WARN_UNDECLARED_SELECTOR = YES;
				GCC_WARN_UNINITIALIZED_AUTOS = YES_AGGRESSIVE;
				GCC_WARN_UNUSED_FUNCTION = YES;
				GCC_WARN_UNUSED_VARIABLE = YES;
				IPHONEOS_DEPLOYMENT_TARGET = 15.0;
				MTL_ENABLE_DEBUG_INFO = NO;
				MTL_FAST_MATH = YES;
				SDKROOT = iphoneos;
				SWIFT_COMPILATION_MODE = wholemodule;
				SWIFT_OPTIMIZATION_LEVEL = "-O";
				VALIDATE_PRODUCT = YES;
			};
			name = Release;
		};
		F72900F627114681007EF04C /* Debug */ = {
			isa = XCBuildConfiguration;
			buildSettings = {
				ASSETCATALOG_COMPILER_APPICON_NAME = AppIcon;
				ASSETCATALOG_COMPILER_GLOBAL_ACCENT_COLOR_NAME = AccentColor;
				CODE_SIGN_STYLE = Automatic;
				CURRENT_PROJECT_VERSION = 1;
				DEVELOPMENT_ASSET_PATHS = "\"Online-Platform-Mobile/Preview Content\"";
				DEVELOPMENT_TEAM = PKF8ACHM24;
				ENABLE_PREVIEWS = YES;
				GENERATE_INFOPLIST_FILE = YES;
				INFOPLIST_FILE = "Online-Platform-Mobile/Info.plist";
				INFOPLIST_KEY_CFBundleDisplayName = Graf;
				INFOPLIST_KEY_NSLocationWhenInUseUsageDescription = "This app needs your location to provide best experience when choosing photo location";
				INFOPLIST_KEY_UIApplicationSceneManifest_Generation = YES;
				INFOPLIST_KEY_UIApplicationSupportsIndirectInputEvents = YES;
				INFOPLIST_KEY_UILaunchScreen_Generation = YES;
				INFOPLIST_KEY_UISupportedInterfaceOrientations_iPad = "UIInterfaceOrientationPortrait UIInterfaceOrientationPortraitUpsideDown UIInterfaceOrientationLandscapeLeft UIInterfaceOrientationLandscapeRight";
				INFOPLIST_KEY_UISupportedInterfaceOrientations_iPhone = "UIInterfaceOrientationPortrait UIInterfaceOrientationLandscapeLeft UIInterfaceOrientationLandscapeRight";
				IPHONEOS_DEPLOYMENT_TARGET = 14.0;
				LD_RUNPATH_SEARCH_PATHS = (
					"$(inherited)",
					"@executable_path/Frameworks",
				);
				MARKETING_VERSION = 1.0;
				PRODUCT_BUNDLE_IDENTIFIER = "com.revarino.Online-Platform-Mobile";
				PRODUCT_NAME = "$(TARGET_NAME)";
				SWIFT_EMIT_LOC_STRINGS = YES;
				SWIFT_VERSION = 5.0;
				TARGETED_DEVICE_FAMILY = "1,2";
			};
			name = Debug;
		};
		F72900F727114681007EF04C /* Release */ = {
			isa = XCBuildConfiguration;
			buildSettings = {
				ASSETCATALOG_COMPILER_APPICON_NAME = AppIcon;
				ASSETCATALOG_COMPILER_GLOBAL_ACCENT_COLOR_NAME = AccentColor;
				CODE_SIGN_STYLE = Automatic;
				CURRENT_PROJECT_VERSION = 1;
				DEVELOPMENT_ASSET_PATHS = "\"Online-Platform-Mobile/Preview Content\"";
				DEVELOPMENT_TEAM = PKF8ACHM24;
				ENABLE_PREVIEWS = YES;
				GENERATE_INFOPLIST_FILE = YES;
				INFOPLIST_FILE = "Online-Platform-Mobile/Info.plist";
				INFOPLIST_KEY_CFBundleDisplayName = Graf;
				INFOPLIST_KEY_NSLocationWhenInUseUsageDescription = "This app needs your location to provide best experience when choosing photo location";
				INFOPLIST_KEY_UIApplicationSceneManifest_Generation = YES;
				INFOPLIST_KEY_UIApplicationSupportsIndirectInputEvents = YES;
				INFOPLIST_KEY_UILaunchScreen_Generation = YES;
				INFOPLIST_KEY_UISupportedInterfaceOrientations_iPad = "UIInterfaceOrientationPortrait UIInterfaceOrientationPortraitUpsideDown UIInterfaceOrientationLandscapeLeft UIInterfaceOrientationLandscapeRight";
				INFOPLIST_KEY_UISupportedInterfaceOrientations_iPhone = "UIInterfaceOrientationPortrait UIInterfaceOrientationLandscapeLeft UIInterfaceOrientationLandscapeRight";
				IPHONEOS_DEPLOYMENT_TARGET = 14.0;
				LD_RUNPATH_SEARCH_PATHS = (
					"$(inherited)",
					"@executable_path/Frameworks",
				);
				MARKETING_VERSION = 1.0;
				PRODUCT_BUNDLE_IDENTIFIER = "com.revarino.Online-Platform-Mobile";
				PRODUCT_NAME = "$(TARGET_NAME)";
				SWIFT_EMIT_LOC_STRINGS = YES;
				SWIFT_VERSION = 5.0;
				TARGETED_DEVICE_FAMILY = "1,2";
			};
			name = Release;
		};
/* End XCBuildConfiguration section */

/* Begin XCConfigurationList section */
		F72900E22711467F007EF04C /* Build configuration list for PBXProject "Online-Platform-Mobile" */ = {
			isa = XCConfigurationList;
			buildConfigurations = (
				F72900F327114681007EF04C /* Debug */,
				F72900F427114681007EF04C /* Release */,
			);
			defaultConfigurationIsVisible = 0;
			defaultConfigurationName = Release;
		};
		F72900F527114681007EF04C /* Build configuration list for PBXNativeTarget "Online-Platform-Mobile" */ = {
			isa = XCConfigurationList;
			buildConfigurations = (
				F72900F627114681007EF04C /* Debug */,
				F72900F727114681007EF04C /* Release */,
			);
			defaultConfigurationIsVisible = 0;
			defaultConfigurationName = Release;
		};
/* End XCConfigurationList section */

/* Begin XCRemoteSwiftPackageReference section */
		4E0C8211272DA0DB0049B8C8 /* XCRemoteSwiftPackageReference "SDWebImageSwiftUI" */ = {
			isa = XCRemoteSwiftPackageReference;
			repositoryURL = "https://github.com/SDWebImage/SDWebImageSwiftUI";
			requirement = {
				kind = upToNextMajorVersion;
				minimumVersion = 2.0.0;
			};
		};
		F76EDFB12770C1FF0078D4A0 /* XCRemoteSwiftPackageReference "Alamofire" */ = {
			isa = XCRemoteSwiftPackageReference;
			repositoryURL = "https://github.com/Alamofire/Alamofire.git";
			requirement = {
				kind = upToNextMajorVersion;
				minimumVersion = 4.9.1;
			};
		};
		F7A89946275E5C4A00263321 /* XCRemoteSwiftPackageReference "firebase-ios-sdk" */ = {
			isa = XCRemoteSwiftPackageReference;
			repositoryURL = "https://github.com/firebase/firebase-ios-sdk.git";
			requirement = {
				branch = master;
				kind = branch;
			};
		};
		F7A89955275E6C7700263321 /* XCRemoteSwiftPackageReference "SwiftUI-Introspect" */ = {
			isa = XCRemoteSwiftPackageReference;
			repositoryURL = "https://github.com/siteline/SwiftUI-Introspect.git";
			requirement = {
				kind = upToNextMajorVersion;
				minimumVersion = 0.1.3;
			};
		};
/* End XCRemoteSwiftPackageReference section */

/* Begin XCSwiftPackageProductDependency section */
		4E0C8212272DA0DB0049B8C8 /* SDWebImageSwiftUI */ = {
			isa = XCSwiftPackageProductDependency;
			package = 4E0C8211272DA0DB0049B8C8 /* XCRemoteSwiftPackageReference "SDWebImageSwiftUI" */;
			productName = SDWebImageSwiftUI;
		};
		F76EDFB22770C1FF0078D4A0 /* Alamofire */ = {
			isa = XCSwiftPackageProductDependency;
			package = F76EDFB12770C1FF0078D4A0 /* XCRemoteSwiftPackageReference "Alamofire" */;
			productName = Alamofire;
		};
		F7A89947275E5C4B00263321 /* FirebaseAuth */ = {
			isa = XCSwiftPackageProductDependency;
			package = F7A89946275E5C4A00263321 /* XCRemoteSwiftPackageReference "firebase-ios-sdk" */;
			productName = FirebaseAuth;
		};
		F7A89949275E5C4B00263321 /* FirebaseFirestore */ = {
			isa = XCSwiftPackageProductDependency;
			package = F7A89946275E5C4A00263321 /* XCRemoteSwiftPackageReference "firebase-ios-sdk" */;
			productName = FirebaseFirestore;
		};
		F7A89956275E6C7700263321 /* Introspect */ = {
			isa = XCSwiftPackageProductDependency;
			package = F7A89955275E6C7700263321 /* XCRemoteSwiftPackageReference "SwiftUI-Introspect" */;
			productName = Introspect;
		};
/* End XCSwiftPackageProductDependency section */
	};
	rootObject = F72900DF2711467F007EF04C /* Project object */;
}
